PODS:
  - Collection-JSON-ObjC (1.0.1)
  - GoogleAnalytics-iOS-SDK (3.0.3)
  - NHCalendarActivity (0.0.3)

DEPENDENCIES:
  - Collection-JSON-ObjC (= 1.0.1)
  - GoogleAnalytics-iOS-SDK (= 3.0.3)
  - NHCalendarActivity (= 0.0.3)

SPEC CHECKSUMS:
  Collection-JSON-ObjC: 87d7ac9d33a25fc6e1302d55b9c9a222154b4caa
  GoogleAnalytics-iOS-SDK: 7b0e55cfe5e70d60478a7b105f15ac71e8bc373e
  NHCalendarActivity: 7465d53298abd1509dd272b62f34472a85a0faa9

COCOAPODS: 0.29.0
