// !$*UTF8*$!
{
	archiveVersion = 1;
	classes = {
	};
	objectVersion = 46;
	objects = {

/* Begin PBXBuildFile section */
		F35BB6C617685885009077D3 /* UIKit.framework in Frameworks */ = {isa = PBXBuildFile; fileRef = F35BB6C517685885009077D3 /* UIKit.framework */; };
		F35BB6C817685885009077D3 /* Foundation.framework in Frameworks */ = {isa = PBXBuildFile; fileRef = F35BB6C717685885009077D3 /* Foundation.framework */; };
		F35BB6CA17685885009077D3 /* CoreGraphics.framework in Frameworks */ = {isa = PBXBuildFile; fileRef = F35BB6C917685885009077D3 /* CoreGraphics.framework */; };
		F35BB6D017685885009077D3 /* InfoPlist.strings in Resources */ = {isa = PBXBuildFile; fileRef = F35BB6CE17685885009077D3 /* InfoPlist.strings */; };
		F35BB6D217685885009077D3 /* main.m in Sources */ = {isa = PBXBuildFile; fileRef = F35BB6D117685885009077D3 /* main.m */; };
		F35BB6D617685885009077D3 /* EMSAppDelegate.m in Sources */ = {isa = PBXBuildFile; fileRef = F35BB6D517685885009077D3 /* EMSAppDelegate.m */; };
		F35BB6D817685885009077D3 /* Default.png in Resources */ = {isa = PBXBuildFile; fileRef = F35BB6D717685885009077D3 /* Default.png */; };
		F35BB6DA17685885009077D3 /* Default@2x.png in Resources */ = {isa = PBXBuildFile; fileRef = F35BB6D917685885009077D3 /* Default@2x.png */; };
		F35BB6DC17685885009077D3 /* Default-568h@2x.png in Resources */ = {isa = PBXBuildFile; fileRef = F35BB6DB17685885009077D3 /* Default-568h@2x.png */; };
		F35BB6DF17685885009077D3 /* MainStoryboard_iPhone.storyboard in Resources */ = {isa = PBXBuildFile; fileRef = F35BB6DD17685885009077D3 /* MainStoryboard_iPhone.storyboard */; };
		F35BB6E217685885009077D3 /* MainStoryboard_iPad.storyboard in Resources */ = {isa = PBXBuildFile; fileRef = F35BB6E017685885009077D3 /* MainStoryboard_iPad.storyboard */; };
		F35BB6E517685885009077D3 /* EMSViewController.m in Sources */ = {isa = PBXBuildFile; fileRef = F35BB6E417685885009077D3 /* EMSViewController.m */; };
		F35BB6ED17685E71009077D3 /* EMSSettingsViewController.m in Sources */ = {isa = PBXBuildFile; fileRef = F35BB6EC17685E71009077D3 /* EMSSettingsViewController.m */; };
/* End PBXBuildFile section */

/* Begin PBXFileReference section */
		F35BB6C217685885009077D3 /* EMS.app */ = {isa = PBXFileReference; explicitFileType = wrapper.application; includeInIndex = 0; path = EMS.app; sourceTree = BUILT_PRODUCTS_DIR; };
		F35BB6C517685885009077D3 /* UIKit.framework */ = {isa = PBXFileReference; lastKnownFileType = wrapper.framework; name = UIKit.framework; path = System/Library/Frameworks/UIKit.framework; sourceTree = SDKROOT; };
		F35BB6C717685885009077D3 /* Foundation.framework */ = {isa = PBXFileReference; lastKnownFileType = wrapper.framework; name = Foundation.framework; path = System/Library/Frameworks/Foundation.framework; sourceTree = SDKROOT; };
		F35BB6C917685885009077D3 /* CoreGraphics.framework */ = {isa = PBXFileReference; lastKnownFileType = wrapper.framework; name = CoreGraphics.framework; path = System/Library/Frameworks/CoreGraphics.framework; sourceTree = SDKROOT; };
		F35BB6CD17685885009077D3 /* EMS-Info.plist */ = {isa = PBXFileReference; lastKnownFileType = text.plist.xml; path = "EMS-Info.plist"; sourceTree = "<group>"; };
		F35BB6CF17685885009077D3 /* en */ = {isa = PBXFileReference; lastKnownFileType = text.plist.strings; name = en; path = en.lproj/InfoPlist.strings; sourceTree = "<group>"; };
		F35BB6D117685885009077D3 /* main.m */ = {isa = PBXFileReference; lastKnownFileType = sourcecode.c.objc; path = main.m; sourceTree = "<group>"; };
		F35BB6D317685885009077D3 /* EMS-Prefix.pch */ = {isa = PBXFileReference; lastKnownFileType = sourcecode.c.h; path = "EMS-Prefix.pch"; sourceTree = "<group>"; };
		F35BB6D417685885009077D3 /* EMSAppDelegate.h */ = {isa = PBXFileReference; lastKnownFileType = sourcecode.c.h; path = EMSAppDelegate.h; sourceTree = "<group>"; };
		F35BB6D517685885009077D3 /* EMSAppDelegate.m */ = {isa = PBXFileReference; lastKnownFileType = sourcecode.c.objc; path = EMSAppDelegate.m; sourceTree = "<group>"; };
		F35BB6D717685885009077D3 /* Default.png */ = {isa = PBXFileReference; lastKnownFileType = image.png; path = Default.png; sourceTree = "<group>"; };
		F35BB6D917685885009077D3 /* Default@2x.png */ = {isa = PBXFileReference; lastKnownFileType = image.png; path = "Default@2x.png"; sourceTree = "<group>"; };
		F35BB6DB17685885009077D3 /* Default-568h@2x.png */ = {isa = PBXFileReference; lastKnownFileType = image.png; path = "Default-568h@2x.png"; sourceTree = "<group>"; };
		F35BB6DE17685885009077D3 /* en */ = {isa = PBXFileReference; lastKnownFileType = file.storyboard; name = en; path = en.lproj/MainStoryboard_iPhone.storyboard; sourceTree = "<group>"; };
		F35BB6E117685885009077D3 /* en */ = {isa = PBXFileReference; lastKnownFileType = file.storyboard; name = en; path = en.lproj/MainStoryboard_iPad.storyboard; sourceTree = "<group>"; };
		F35BB6E317685885009077D3 /* EMSViewController.h */ = {isa = PBXFileReference; lastKnownFileType = sourcecode.c.h; path = EMSViewController.h; sourceTree = "<group>"; };
		F35BB6E417685885009077D3 /* EMSViewController.m */ = {isa = PBXFileReference; lastKnownFileType = sourcecode.c.objc; path = EMSViewController.m; sourceTree = "<group>"; };
		F35BB6EB17685E71009077D3 /* EMSSettingsViewController.h */ = {isa = PBXFileReference; fileEncoding = 4; lastKnownFileType = sourcecode.c.h; path = EMSSettingsViewController.h; sourceTree = "<group>"; };
		F35BB6EC17685E71009077D3 /* EMSSettingsViewController.m */ = {isa = PBXFileReference; fileEncoding = 4; lastKnownFileType = sourcecode.c.objc; path = EMSSettingsViewController.m; sourceTree = "<group>"; };
/* End PBXFileReference section */

/* Begin PBXFrameworksBuildPhase section */
		F35BB6BF17685885009077D3 /* Frameworks */ = {
			isa = PBXFrameworksBuildPhase;
			buildActionMask = 2147483647;
			files = (
				F35BB6C617685885009077D3 /* UIKit.framework in Frameworks */,
				F35BB6C817685885009077D3 /* Foundation.framework in Frameworks */,
				F35BB6CA17685885009077D3 /* CoreGraphics.framework in Frameworks */,
			);
			runOnlyForDeploymentPostprocessing = 0;
		};
/* End PBXFrameworksBuildPhase section */

/* Begin PBXGroup section */
		F35BB6B917685885009077D3 = {
			isa = PBXGroup;
			children = (
				F35BB6CB17685885009077D3 /* EMS */,
				F35BB6C417685885009077D3 /* Frameworks */,
				F35BB6C317685885009077D3 /* Products */,
			);
			sourceTree = "<group>";
		};
		F35BB6C317685885009077D3 /* Products */ = {
			isa = PBXGroup;
			children = (
				F35BB6C217685885009077D3 /* EMS.app */,
			);
			name = Products;
			sourceTree = "<group>";
		};
		F35BB6C417685885009077D3 /* Frameworks */ = {
			isa = PBXGroup;
			children = (
				F35BB6C517685885009077D3 /* UIKit.framework */,
				F35BB6C717685885009077D3 /* Foundation.framework */,
				F35BB6C917685885009077D3 /* CoreGraphics.framework */,
			);
			name = Frameworks;
			sourceTree = "<group>";
		};
		F35BB6CB17685885009077D3 /* EMS */ = {
			isa = PBXGroup;
			children = (
				F35BB6D417685885009077D3 /* EMSAppDelegate.h */,
				F35BB6D517685885009077D3 /* EMSAppDelegate.m */,
				F35BB6DD17685885009077D3 /* MainStoryboard_iPhone.storyboard */,
				F35BB6E017685885009077D3 /* MainStoryboard_iPad.storyboard */,
				F35BB6E317685885009077D3 /* EMSViewController.h */,
				F35BB6E417685885009077D3 /* EMSViewController.m */,
				F35BB6CC17685885009077D3 /* Supporting Files */,
				F35BB6EB17685E71009077D3 /* EMSSettingsViewController.h */,
				F35BB6EC17685E71009077D3 /* EMSSettingsViewController.m */,
			);
			path = EMS;
			sourceTree = "<group>";
		};
		F35BB6CC17685885009077D3 /* Supporting Files */ = {
			isa = PBXGroup;
			children = (
				F35BB6CD17685885009077D3 /* EMS-Info.plist */,
				F35BB6CE17685885009077D3 /* InfoPlist.strings */,
				F35BB6D117685885009077D3 /* main.m */,
				F35BB6D317685885009077D3 /* EMS-Prefix.pch */,
				F35BB6D717685885009077D3 /* Default.png */,
				F35BB6D917685885009077D3 /* Default@2x.png */,
				F35BB6DB17685885009077D3 /* Default-568h@2x.png */,
			);
			name = "Supporting Files";
			sourceTree = "<group>";
		};
/* End PBXGroup section */

/* Begin PBXNativeTarget section */
		F35BB6C117685885009077D3 /* EMS */ = {
			isa = PBXNativeTarget;
			buildConfigurationList = F35BB6E817685885009077D3 /* Build configuration list for PBXNativeTarget "EMS" */;
			buildPhases = (
				F35BB6BE17685885009077D3 /* Sources */,
				F35BB6BF17685885009077D3 /* Frameworks */,
				F35BB6C017685885009077D3 /* Resources */,
			);
			buildRules = (
			);
			dependencies = (
			);
			name = EMS;
			productName = EMS;
			productReference = F35BB6C217685885009077D3 /* EMS.app */;
			productType = "com.apple.product-type.application";
		};
/* End PBXNativeTarget section */

/* Begin PBXProject section */
		F35BB6BA17685885009077D3 /* Project object */ = {
			isa = PBXProject;
			attributes = {
				CLASSPREFIX = EMS;
				LastUpgradeCheck = 0460;
				ORGANIZATIONNAME = "Chris Searle";
			};
			buildConfigurationList = F35BB6BD17685885009077D3 /* Build configuration list for PBXProject "EMS" */;
			compatibilityVersion = "Xcode 3.2";
			developmentRegion = English;
			hasScannedForEncodings = 0;
			knownRegions = (
				en,
			);
			mainGroup = F35BB6B917685885009077D3;
			productRefGroup = F35BB6C317685885009077D3 /* Products */;
			projectDirPath = "";
			projectRoot = "";
			targets = (
				F35BB6C117685885009077D3 /* EMS */,
			);
		};
/* End PBXProject section */

/* Begin PBXResourcesBuildPhase section */
		F35BB6C017685885009077D3 /* Resources */ = {
			isa = PBXResourcesBuildPhase;
			buildActionMask = 2147483647;
			files = (
				F35BB6D017685885009077D3 /* InfoPlist.strings in Resources */,
				F35BB6D817685885009077D3 /* Default.png in Resources */,
				F35BB6DA17685885009077D3 /* Default@2x.png in Resources */,
				F35BB6DC17685885009077D3 /* Default-568h@2x.png in Resources */,
				F35BB6DF17685885009077D3 /* MainStoryboard_iPhone.storyboard in Resources */,
				F35BB6E217685885009077D3 /* MainStoryboard_iPad.storyboard in Resources */,
			);
			runOnlyForDeploymentPostprocessing = 0;
		};
/* End PBXResourcesBuildPhase section */

/* Begin PBXSourcesBuildPhase section */
		F35BB6BE17685885009077D3 /* Sources */ = {
			isa = PBXSourcesBuildPhase;
			buildActionMask = 2147483647;
			files = (
				F35BB6D217685885009077D3 /* main.m in Sources */,
				F35BB6D617685885009077D3 /* EMSAppDelegate.m in Sources */,
				F35BB6E517685885009077D3 /* EMSViewController.m in Sources */,
				F35BB6ED17685E71009077D3 /* EMSSettingsViewController.m in Sources */,
			);
			runOnlyForDeploymentPostprocessing = 0;
		};
/* End PBXSourcesBuildPhase section */

/* Begin PBXVariantGroup section */
		F35BB6CE17685885009077D3 /* InfoPlist.strings */ = {
			isa = PBXVariantGroup;
			children = (
				F35BB6CF17685885009077D3 /* en */,
			);
			name = InfoPlist.strings;
			sourceTree = "<group>";
		};
		F35BB6DD17685885009077D3 /* MainStoryboard_iPhone.storyboard */ = {
			isa = PBXVariantGroup;
			children = (
				F35BB6DE17685885009077D3 /* en */,
			);
			name = MainStoryboard_iPhone.storyboard;
			sourceTree = "<group>";
		};
		F35BB6E017685885009077D3 /* MainStoryboard_iPad.storyboard */ = {
			isa = PBXVariantGroup;
			children = (
				F35BB6E117685885009077D3 /* en */,
			);
			name = MainStoryboard_iPad.storyboard;
			sourceTree = "<group>";
		};
/* End PBXVariantGroup section */

/* Begin XCBuildConfiguration section */
		F35BB6E617685885009077D3 /* Debug */ = {
			isa = XCBuildConfiguration;
			buildSettings = {
				ALWAYS_SEARCH_USER_PATHS = NO;
				CLANG_CXX_LANGUAGE_STANDARD = "gnu++0x";
				CLANG_CXX_LIBRARY = "libc++";
				CLANG_ENABLE_OBJC_ARC = YES;
				CLANG_WARN_CONSTANT_CONVERSION = YES;
				CLANG_WARN_EMPTY_BODY = YES;
				CLANG_WARN_ENUM_CONVERSION = YES;
				CLANG_WARN_INT_CONVERSION = YES;
				CLANG_WARN__DUPLICATE_METHOD_MATCH = YES;
				"CODE_SIGN_IDENTITY[sdk=iphoneos*]" = "iPhone Developer";
				COPY_PHASE_STRIP = NO;
				GCC_C_LANGUAGE_STANDARD = gnu99;
				GCC_DYNAMIC_NO_PIC = NO;
				GCC_OPTIMIZATION_LEVEL = 0;
				GCC_PREPROCESSOR_DEFINITIONS = (
					"DEBUG=1",
					"$(inherited)",
				);
				GCC_SYMBOLS_PRIVATE_EXTERN = NO;
				GCC_WARN_ABOUT_RETURN_TYPE = YES;
				GCC_WARN_UNINITIALIZED_AUTOS = YES;
				GCC_WARN_UNUSED_VARIABLE = YES;
				IPHONEOS_DEPLOYMENT_TARGET = 6.1;
				ONLY_ACTIVE_ARCH = YES;
				SDKROOT = iphoneos;
				TARGETED_DEVICE_FAMILY = "1,2";
			};
			name = Debug;
		};
		F35BB6E717685885009077D3 /* Release */ = {
			isa = XCBuildConfiguration;
			buildSettings = {
				ALWAYS_SEARCH_USER_PATHS = NO;
				CLANG_CXX_LANGUAGE_STANDARD = "gnu++0x";
				CLANG_CXX_LIBRARY = "libc++";
				CLANG_ENABLE_OBJC_ARC = YES;
				CLANG_WARN_CONSTANT_CONVERSION = YES;
				CLANG_WARN_EMPTY_BODY = YES;
				CLANG_WARN_ENUM_CONVERSION = YES;
				CLANG_WARN_INT_CONVERSION = YES;
				CLANG_WARN__DUPLICATE_METHOD_MATCH = YES;
				"CODE_SIGN_IDENTITY[sdk=iphoneos*]" = "iPhone Developer";
				COPY_PHASE_STRIP = YES;
				GCC_C_LANGUAGE_STANDARD = gnu99;
				GCC_WARN_ABOUT_RETURN_TYPE = YES;
				GCC_WARN_UNINITIALIZED_AUTOS = YES;
				GCC_WARN_UNUSED_VARIABLE = YES;
				IPHONEOS_DEPLOYMENT_TARGET = 6.1;
				OTHER_CFLAGS = "-DNS_BLOCK_ASSERTIONS=1";
				SDKROOT = iphoneos;
				TARGETED_DEVICE_FAMILY = "1,2";
				VALIDATE_PRODUCT = YES;
			};
			name = Release;
		};
		F35BB6E917685885009077D3 /* Debug */ = {
			isa = XCBuildConfiguration;
			buildSettings = {
				GCC_PRECOMPILE_PREFIX_HEADER = YES;
				GCC_PREFIX_HEADER = "EMS/EMS-Prefix.pch";
				INFOPLIST_FILE = "EMS/EMS-Info.plist";
				PRODUCT_NAME = "$(TARGET_NAME)";
				WRAPPER_EXTENSION = app;
			};
			name = Debug;
		};
		F35BB6EA17685885009077D3 /* Release */ = {
			isa = XCBuildConfiguration;
			buildSettings = {
				GCC_PRECOMPILE_PREFIX_HEADER = YES;
				GCC_PREFIX_HEADER = "EMS/EMS-Prefix.pch";
				INFOPLIST_FILE = "EMS/EMS-Info.plist";
				PRODUCT_NAME = "$(TARGET_NAME)";
				WRAPPER_EXTENSION = app;
			};
			name = Release;
		};
/* End XCBuildConfiguration section */

/* Begin XCConfigurationList section */
		F35BB6BD17685885009077D3 /* Build configuration list for PBXProject "EMS" */ = {
			isa = XCConfigurationList;
			buildConfigurations = (
				F35BB6E617685885009077D3 /* Debug */,
				F35BB6E717685885009077D3 /* Release */,
			);
			defaultConfigurationIsVisible = 0;
			defaultConfigurationName = Release;
		};
		F35BB6E817685885009077D3 /* Build configuration list for PBXNativeTarget "EMS" */ = {
			isa = XCConfigurationList;
			buildConfigurations = (
				F35BB6E917685885009077D3 /* Debug */,
				F35BB6EA17685885009077D3 /* Release */,
			);
			defaultConfigurationIsVisible = 0;
		};
/* End XCConfigurationList section */
	};
	rootObject = F35BB6BA17685885009077D3 /* Project object */;
}
