// !$*UTF8*$!
{
	archiveVersion = 1;
	classes = {
	};
	objectVersion = 46;
	objects = {

/* Begin PBXBuildFile section */
		830C7D79176F8B4900D38B46 /* Crashlytics.framework in Frameworks */ = {isa = PBXBuildFile; fileRef = 830C7D78176F8B4900D38B46 /* Crashlytics.framework */; };
		83172C231770FE67000135E6 /* 11-clock.png in Resources */ = {isa = PBXBuildFile; fileRef = 83172C1F1770FE67000135E6 /* 11-clock.png */; };
		83172C241770FE67000135E6 /* 11-clock@2x.png in Resources */ = {isa = PBXBuildFile; fileRef = 83172C201770FE67000135E6 /* 11-clock@2x.png */; };
		83172C251770FE67000135E6 /* 259-list.png in Resources */ = {isa = PBXBuildFile; fileRef = 83172C211770FE67000135E6 /* 259-list.png */; };
		83172C261770FE67000135E6 /* 259-list@2x.png in Resources */ = {isa = PBXBuildFile; fileRef = 83172C221770FE67000135E6 /* 259-list@2x.png */; };
		836331321770DD2B000F8D95 /* EMSSearchViewController.m in Sources */ = {isa = PBXBuildFile; fileRef = 836331311770DD2B000F8D95 /* EMSSearchViewController.m */; };
		836331351770EF78000F8D95 /* 298-circlex.png in Resources */ = {isa = PBXBuildFile; fileRef = 836331331770EF78000F8D95 /* 298-circlex.png */; };
		836331361770EF78000F8D95 /* 298-circlex@2x.png in Resources */ = {isa = PBXBuildFile; fileRef = 836331341770EF78000F8D95 /* 298-circlex@2x.png */; };
		836331391770F01C000F8D95 /* 258-checkmark.png in Resources */ = {isa = PBXBuildFile; fileRef = 836331371770F01C000F8D95 /* 258-checkmark.png */; };
		8363313A1770F01C000F8D95 /* 258-checkmark@2x.png in Resources */ = {isa = PBXBuildFile; fileRef = 836331381770F01C000F8D95 /* 258-checkmark@2x.png */; };
		839BD65C176F9BD400900712 /* EMS-Config.plist in Resources */ = {isa = PBXBuildFile; fileRef = 839BD638176F9BD400900712 /* EMS-Config.plist */; };
		839BD65D176F9BD400900712 /* EMS-Keys.plist in Resources */ = {isa = PBXBuildFile; fileRef = 839BD639176F9BD400900712 /* EMS-Keys.plist */; };
		839BD65E176F9BD400900712 /* EMSConference.m in Sources */ = {isa = PBXBuildFile; fileRef = 839BD63C176F9BD400900712 /* EMSConference.m */; };
		839BD65F176F9BD400900712 /* EMSConferencesRetriever.m in Sources */ = {isa = PBXBuildFile; fileRef = 839BD63E176F9BD400900712 /* EMSConferencesRetriever.m */; };
		839BD660176F9BD400900712 /* EMSDateConverter.m in Sources */ = {isa = PBXBuildFile; fileRef = 839BD640176F9BD400900712 /* EMSDateConverter.m */; };
		839BD661176F9BD400900712 /* EMSRetriever.m in Sources */ = {isa = PBXBuildFile; fileRef = 839BD642176F9BD400900712 /* EMSRetriever.m */; };
		839BD662176F9BD400900712 /* EMSRoom.m in Sources */ = {isa = PBXBuildFile; fileRef = 839BD645176F9BD400900712 /* EMSRoom.m */; };
		839BD663176F9BD400900712 /* EMSRoomsRetriever.m in Sources */ = {isa = PBXBuildFile; fileRef = 839BD647176F9BD400900712 /* EMSRoomsRetriever.m */; };
		839BD664176F9BD400900712 /* EMSSession.m in Sources */ = {isa = PBXBuildFile; fileRef = 839BD649176F9BD400900712 /* EMSSession.m */; };
		839BD665176F9BD400900712 /* EMSSessionsRetriever.m in Sources */ = {isa = PBXBuildFile; fileRef = 839BD64B176F9BD400900712 /* EMSSessionsRetriever.m */; };
		839BD666176F9BD400900712 /* EMSSlot.m in Sources */ = {isa = PBXBuildFile; fileRef = 839BD64D176F9BD400900712 /* EMSSlot.m */; };
		839BD667176F9BD400900712 /* EMSSlotsRetriever.m in Sources */ = {isa = PBXBuildFile; fileRef = 839BD64F176F9BD400900712 /* EMSSlotsRetriever.m */; };
		839BD668176F9BD400900712 /* Default-568h@2x.png in Resources */ = {isa = PBXBuildFile; fileRef = 839BD651176F9BD400900712 /* Default-568h@2x.png */; };
		839BD669176F9BD400900712 /* Default.png in Resources */ = {isa = PBXBuildFile; fileRef = 839BD652176F9BD400900712 /* Default.png */; };
		839BD66A176F9BD400900712 /* Default@2x.png in Resources */ = {isa = PBXBuildFile; fileRef = 839BD653176F9BD400900712 /* Default@2x.png */; };
		839BD66B176F9BD400900712 /* EMSMainViewController.m in Sources */ = {isa = PBXBuildFile; fileRef = 839BD657176F9BD400900712 /* EMSMainViewController.m */; };
		839BD66C176F9BD400900712 /* EMSSettingsViewController.m in Sources */ = {isa = PBXBuildFile; fileRef = 839BD659176F9BD400900712 /* EMSSettingsViewController.m */; };
		839BD66D176F9BD400900712 /* EMSViewController.m in Sources */ = {isa = PBXBuildFile; fileRef = 839BD65B176F9BD400900712 /* EMSViewController.m */; };
		839BD670176FA67000900712 /* EMSSpeaker.m in Sources */ = {isa = PBXBuildFile; fileRef = 839BD66F176FA67000900712 /* EMSSpeaker.m */; };
		83AF91B11771E7E100FAE20F /* EMSAdminViewController.m in Sources */ = {isa = PBXBuildFile; fileRef = 83AF91B01771E7E100FAE20F /* EMSAdminViewController.m */; };
		F31862371770340200292371 /* EMSDetailViewController.m in Sources */ = {isa = PBXBuildFile; fileRef = F31862361770340200292371 /* EMSDetailViewController.m */; };
		F31862421770501800292371 /* EMSSessionCell.m in Sources */ = {isa = PBXBuildFile; fileRef = F31862411770501800292371 /* EMSSessionCell.m */; };
		F3513B47177074200042D07A /* 19-gear.png in Resources */ = {isa = PBXBuildFile; fileRef = F3513B46177074200042D07A /* 19-gear.png */; };
		F3513B49177076A80042D07A /* 19-gear@2x.png in Resources */ = {isa = PBXBuildFile; fileRef = F3513B48177076A80042D07A /* 19-gear@2x.png */; };
		F3513B4C1770776C0042D07A /* 06-magnify.png in Resources */ = {isa = PBXBuildFile; fileRef = F3513B4A1770776C0042D07A /* 06-magnify.png */; };
		F3513B4D1770776C0042D07A /* 06-magnify@2x.png in Resources */ = {isa = PBXBuildFile; fileRef = F3513B4B1770776C0042D07A /* 06-magnify@2x.png */; };
		F3513B52177078A80042D07A /* 28-star-grey.png in Resources */ = {isa = PBXBuildFile; fileRef = F3513B4E177078A80042D07A /* 28-star-grey.png */; };
		F3513B53177078A80042D07A /* 28-star-grey@2x.png in Resources */ = {isa = PBXBuildFile; fileRef = F3513B4F177078A80042D07A /* 28-star-grey@2x.png */; };
		F3513B54177078A80042D07A /* 64-zap-grey.png in Resources */ = {isa = PBXBuildFile; fileRef = F3513B50177078A80042D07A /* 64-zap-grey.png */; };
		F3513B55177078A80042D07A /* 64-zap-grey@2x.png in Resources */ = {isa = PBXBuildFile; fileRef = F3513B51177078A80042D07A /* 64-zap-grey@2x.png */; };
		F3513B5A1770792A0042D07A /* 28-star.png in Resources */ = {isa = PBXBuildFile; fileRef = F3513B561770792A0042D07A /* 28-star.png */; };
		F3513B5B1770792A0042D07A /* 28-star@2x.png in Resources */ = {isa = PBXBuildFile; fileRef = F3513B571770792A0042D07A /* 28-star@2x.png */; };
		F3513B5C1770792A0042D07A /* 64-zap.png in Resources */ = {isa = PBXBuildFile; fileRef = F3513B581770792A0042D07A /* 64-zap.png */; };
		F3513B5D1770792A0042D07A /* 64-zap@2x.png in Resources */ = {isa = PBXBuildFile; fileRef = F3513B591770792A0042D07A /* 64-zap@2x.png */; };
		F3513B62177079A50042D07A /* 28-star-yellow.png in Resources */ = {isa = PBXBuildFile; fileRef = F3513B5E177079A50042D07A /* 28-star-yellow.png */; };
		F3513B63177079A50042D07A /* 28-star-yellow@2x.png in Resources */ = {isa = PBXBuildFile; fileRef = F3513B5F177079A50042D07A /* 28-star-yellow@2x.png */; };
		F3513B64177079A50042D07A /* 64-zap-yellow.png in Resources */ = {isa = PBXBuildFile; fileRef = F3513B60177079A50042D07A /* 64-zap-yellow.png */; };
		F3513B65177079A50042D07A /* 64-zap-yellow@2x.png in Resources */ = {isa = PBXBuildFile; fileRef = F3513B61177079A50042D07A /* 64-zap-yellow@2x.png */; };
		F35BB6C617685885009077D3 /* UIKit.framework in Frameworks */ = {isa = PBXBuildFile; fileRef = F35BB6C517685885009077D3 /* UIKit.framework */; };
		F35BB6C817685885009077D3 /* Foundation.framework in Frameworks */ = {isa = PBXBuildFile; fileRef = F35BB6C717685885009077D3 /* Foundation.framework */; };
		F35BB6CA17685885009077D3 /* CoreGraphics.framework in Frameworks */ = {isa = PBXBuildFile; fileRef = F35BB6C917685885009077D3 /* CoreGraphics.framework */; };
		F35BB6D017685885009077D3 /* InfoPlist.strings in Resources */ = {isa = PBXBuildFile; fileRef = F35BB6CE17685885009077D3 /* InfoPlist.strings */; };
		F35BB6D217685885009077D3 /* main.m in Sources */ = {isa = PBXBuildFile; fileRef = F35BB6D117685885009077D3 /* main.m */; };
		F35BB6D617685885009077D3 /* EMSAppDelegate.m in Sources */ = {isa = PBXBuildFile; fileRef = F35BB6D517685885009077D3 /* EMSAppDelegate.m */; };
		F35BB6DF17685885009077D3 /* MainStoryboard_iPhone.storyboard in Resources */ = {isa = PBXBuildFile; fileRef = F35BB6DD17685885009077D3 /* MainStoryboard_iPhone.storyboard */; };
		F35BB6E217685885009077D3 /* MainStoryboard_iPad.storyboard in Resources */ = {isa = PBXBuildFile; fileRef = F35BB6E017685885009077D3 /* MainStoryboard_iPad.storyboard */; };
		F35BB6FD17686478009077D3 /* CJCollection.m in Sources */ = {isa = PBXBuildFile; fileRef = F35BB6F017686478009077D3 /* CJCollection.m */; };
		F35BB6FE17686478009077D3 /* CJItem.m in Sources */ = {isa = PBXBuildFile; fileRef = F35BB6F217686478009077D3 /* CJItem.m */; };
		F35BB6FF17686478009077D3 /* CJLink.m in Sources */ = {isa = PBXBuildFile; fileRef = F35BB6F417686478009077D3 /* CJLink.m */; };
		F35BB70017686478009077D3 /* README.md in Resources */ = {isa = PBXBuildFile; fileRef = F35BB6F517686478009077D3 /* README.md */; };
		F3939E50176887090078C709 /* CoreData.framework in Frameworks */ = {isa = PBXBuildFile; fileRef = F3939E4F176887090078C709 /* CoreData.framework */; };
		F3939E531768879C0078C709 /* EMSCoreDataModel.xcdatamodeld in Sources */ = {isa = PBXBuildFile; fileRef = F3939E511768879C0078C709 /* EMSCoreDataModel.xcdatamodeld */; };
		F3939E611769C3CE0078C709 /* EMSModel.m in Sources */ = {isa = PBXBuildFile; fileRef = F3939E601769C3CD0078C709 /* EMSModel.m */; };
		F3D5E2C41770946100888A7E /* style.css in Resources */ = {isa = PBXBuildFile; fileRef = F3D5E2C31770946100888A7E /* style.css */; };
		F3D5E2C717709CD100888A7E /* EMSSpeakersRetriever.m in Sources */ = {isa = PBXBuildFile; fileRef = F3D5E2C617709CD000888A7E /* EMSSpeakersRetriever.m */; };
/* End PBXBuildFile section */

/* Begin PBXFileReference section */
		830C7D78176F8B4900D38B46 /* Crashlytics.framework */ = {isa = PBXFileReference; lastKnownFileType = wrapper.framework; path = Crashlytics.framework; sourceTree = "<group>"; };
		83172C1F1770FE67000135E6 /* 11-clock.png */ = {isa = PBXFileReference; lastKnownFileType = image.png; path = "11-clock.png"; sourceTree = "<group>"; };
		83172C201770FE67000135E6 /* 11-clock@2x.png */ = {isa = PBXFileReference; lastKnownFileType = image.png; path = "11-clock@2x.png"; sourceTree = "<group>"; };
		83172C211770FE67000135E6 /* 259-list.png */ = {isa = PBXFileReference; lastKnownFileType = image.png; path = "259-list.png"; sourceTree = "<group>"; };
		83172C221770FE67000135E6 /* 259-list@2x.png */ = {isa = PBXFileReference; lastKnownFileType = image.png; path = "259-list@2x.png"; sourceTree = "<group>"; };
		836331301770DD2B000F8D95 /* EMSSearchViewController.h */ = {isa = PBXFileReference; fileEncoding = 4; lastKnownFileType = sourcecode.c.h; path = EMSSearchViewController.h; sourceTree = "<group>"; };
		836331311770DD2B000F8D95 /* EMSSearchViewController.m */ = {isa = PBXFileReference; fileEncoding = 4; lastKnownFileType = sourcecode.c.objc; path = EMSSearchViewController.m; sourceTree = "<group>"; };
		836331331770EF78000F8D95 /* 298-circlex.png */ = {isa = PBXFileReference; lastKnownFileType = image.png; path = "298-circlex.png"; sourceTree = "<group>"; };
		836331341770EF78000F8D95 /* 298-circlex@2x.png */ = {isa = PBXFileReference; lastKnownFileType = image.png; path = "298-circlex@2x.png"; sourceTree = "<group>"; };
		836331371770F01C000F8D95 /* 258-checkmark.png */ = {isa = PBXFileReference; lastKnownFileType = image.png; path = "258-checkmark.png"; sourceTree = "<group>"; };
		836331381770F01C000F8D95 /* 258-checkmark@2x.png */ = {isa = PBXFileReference; lastKnownFileType = image.png; path = "258-checkmark@2x.png"; sourceTree = "<group>"; };
		8363313B1770F06C000F8D95 /* EMSSearchViewDelegate.h */ = {isa = PBXFileReference; lastKnownFileType = sourcecode.c.h; path = EMSSearchViewDelegate.h; sourceTree = "<group>"; };
		839BD638176F9BD400900712 /* EMS-Config.plist */ = {isa = PBXFileReference; fileEncoding = 4; lastKnownFileType = text.plist.xml; path = "EMS-Config.plist"; sourceTree = "<group>"; };
		839BD639176F9BD400900712 /* EMS-Keys.plist */ = {isa = PBXFileReference; fileEncoding = 4; lastKnownFileType = text.plist.xml; path = "EMS-Keys.plist"; sourceTree = "<group>"; };
		839BD63B176F9BD400900712 /* EMSConference.h */ = {isa = PBXFileReference; fileEncoding = 4; lastKnownFileType = sourcecode.c.h; path = EMSConference.h; sourceTree = "<group>"; };
		839BD63C176F9BD400900712 /* EMSConference.m */ = {isa = PBXFileReference; fileEncoding = 4; lastKnownFileType = sourcecode.c.objc; path = EMSConference.m; sourceTree = "<group>"; };
		839BD63D176F9BD400900712 /* EMSConferencesRetriever.h */ = {isa = PBXFileReference; fileEncoding = 4; lastKnownFileType = sourcecode.c.h; path = EMSConferencesRetriever.h; sourceTree = "<group>"; };
		839BD63E176F9BD400900712 /* EMSConferencesRetriever.m */ = {isa = PBXFileReference; fileEncoding = 4; lastKnownFileType = sourcecode.c.objc; path = EMSConferencesRetriever.m; sourceTree = "<group>"; };
		839BD63F176F9BD400900712 /* EMSDateConverter.h */ = {isa = PBXFileReference; fileEncoding = 4; lastKnownFileType = sourcecode.c.h; path = EMSDateConverter.h; sourceTree = "<group>"; };
		839BD640176F9BD400900712 /* EMSDateConverter.m */ = {isa = PBXFileReference; fileEncoding = 4; lastKnownFileType = sourcecode.c.objc; path = EMSDateConverter.m; sourceTree = "<group>"; };
		839BD641176F9BD400900712 /* EMSRetriever.h */ = {isa = PBXFileReference; fileEncoding = 4; lastKnownFileType = sourcecode.c.h; path = EMSRetriever.h; sourceTree = "<group>"; };
		839BD642176F9BD400900712 /* EMSRetriever.m */ = {isa = PBXFileReference; fileEncoding = 4; lastKnownFileType = sourcecode.c.objc; path = EMSRetriever.m; sourceTree = "<group>"; };
		839BD643176F9BD400900712 /* EMSRetrieverDelegate.h */ = {isa = PBXFileReference; fileEncoding = 4; lastKnownFileType = sourcecode.c.h; path = EMSRetrieverDelegate.h; sourceTree = "<group>"; };
		839BD644176F9BD400900712 /* EMSRoom.h */ = {isa = PBXFileReference; fileEncoding = 4; lastKnownFileType = sourcecode.c.h; path = EMSRoom.h; sourceTree = "<group>"; };
		839BD645176F9BD400900712 /* EMSRoom.m */ = {isa = PBXFileReference; fileEncoding = 4; lastKnownFileType = sourcecode.c.objc; path = EMSRoom.m; sourceTree = "<group>"; };
		839BD646176F9BD400900712 /* EMSRoomsRetriever.h */ = {isa = PBXFileReference; fileEncoding = 4; lastKnownFileType = sourcecode.c.h; path = EMSRoomsRetriever.h; sourceTree = "<group>"; };
		839BD647176F9BD400900712 /* EMSRoomsRetriever.m */ = {isa = PBXFileReference; fileEncoding = 4; lastKnownFileType = sourcecode.c.objc; path = EMSRoomsRetriever.m; sourceTree = "<group>"; };
		839BD648176F9BD400900712 /* EMSSession.h */ = {isa = PBXFileReference; fileEncoding = 4; lastKnownFileType = sourcecode.c.h; path = EMSSession.h; sourceTree = "<group>"; };
		839BD649176F9BD400900712 /* EMSSession.m */ = {isa = PBXFileReference; fileEncoding = 4; lastKnownFileType = sourcecode.c.objc; path = EMSSession.m; sourceTree = "<group>"; };
		839BD64A176F9BD400900712 /* EMSSessionsRetriever.h */ = {isa = PBXFileReference; fileEncoding = 4; lastKnownFileType = sourcecode.c.h; path = EMSSessionsRetriever.h; sourceTree = "<group>"; };
		839BD64B176F9BD400900712 /* EMSSessionsRetriever.m */ = {isa = PBXFileReference; fileEncoding = 4; lastKnownFileType = sourcecode.c.objc; path = EMSSessionsRetriever.m; sourceTree = "<group>"; };
		839BD64C176F9BD400900712 /* EMSSlot.h */ = {isa = PBXFileReference; fileEncoding = 4; lastKnownFileType = sourcecode.c.h; path = EMSSlot.h; sourceTree = "<group>"; };
		839BD64D176F9BD400900712 /* EMSSlot.m */ = {isa = PBXFileReference; fileEncoding = 4; lastKnownFileType = sourcecode.c.objc; path = EMSSlot.m; sourceTree = "<group>"; };
		839BD64E176F9BD400900712 /* EMSSlotsRetriever.h */ = {isa = PBXFileReference; fileEncoding = 4; lastKnownFileType = sourcecode.c.h; path = EMSSlotsRetriever.h; sourceTree = "<group>"; };
		839BD64F176F9BD400900712 /* EMSSlotsRetriever.m */ = {isa = PBXFileReference; fileEncoding = 4; lastKnownFileType = sourcecode.c.objc; path = EMSSlotsRetriever.m; sourceTree = "<group>"; };
		839BD651176F9BD400900712 /* Default-568h@2x.png */ = {isa = PBXFileReference; lastKnownFileType = image.png; path = "Default-568h@2x.png"; sourceTree = "<group>"; };
		839BD652176F9BD400900712 /* Default.png */ = {isa = PBXFileReference; lastKnownFileType = image.png; path = Default.png; sourceTree = "<group>"; };
		839BD653176F9BD400900712 /* Default@2x.png */ = {isa = PBXFileReference; lastKnownFileType = image.png; path = "Default@2x.png"; sourceTree = "<group>"; };
		839BD655176F9BD400900712 /* EMSConferenceChangedDelegate.h */ = {isa = PBXFileReference; fileEncoding = 4; lastKnownFileType = sourcecode.c.h; path = EMSConferenceChangedDelegate.h; sourceTree = "<group>"; };
		839BD656176F9BD400900712 /* EMSMainViewController.h */ = {isa = PBXFileReference; fileEncoding = 4; lastKnownFileType = sourcecode.c.h; path = EMSMainViewController.h; sourceTree = "<group>"; };
		839BD657176F9BD400900712 /* EMSMainViewController.m */ = {isa = PBXFileReference; fileEncoding = 4; lastKnownFileType = sourcecode.c.objc; path = EMSMainViewController.m; sourceTree = "<group>"; };
		839BD658176F9BD400900712 /* EMSSettingsViewController.h */ = {isa = PBXFileReference; fileEncoding = 4; lastKnownFileType = sourcecode.c.h; path = EMSSettingsViewController.h; sourceTree = "<group>"; };
		839BD659176F9BD400900712 /* EMSSettingsViewController.m */ = {isa = PBXFileReference; fileEncoding = 4; lastKnownFileType = sourcecode.c.objc; path = EMSSettingsViewController.m; sourceTree = "<group>"; };
		839BD65A176F9BD400900712 /* EMSViewController.h */ = {isa = PBXFileReference; fileEncoding = 4; lastKnownFileType = sourcecode.c.h; path = EMSViewController.h; sourceTree = "<group>"; };
		839BD65B176F9BD400900712 /* EMSViewController.m */ = {isa = PBXFileReference; fileEncoding = 4; lastKnownFileType = sourcecode.c.objc; path = EMSViewController.m; sourceTree = "<group>"; };
		839BD66E176FA67000900712 /* EMSSpeaker.h */ = {isa = PBXFileReference; fileEncoding = 4; lastKnownFileType = sourcecode.c.h; path = EMSSpeaker.h; sourceTree = "<group>"; };
		839BD66F176FA67000900712 /* EMSSpeaker.m */ = {isa = PBXFileReference; fileEncoding = 4; lastKnownFileType = sourcecode.c.objc; path = EMSSpeaker.m; sourceTree = "<group>"; };
		83AF91AF1771E7E100FAE20F /* EMSAdminViewController.h */ = {isa = PBXFileReference; fileEncoding = 4; lastKnownFileType = sourcecode.c.h; path = EMSAdminViewController.h; sourceTree = "<group>"; };
		83AF91B01771E7E100FAE20F /* EMSAdminViewController.m */ = {isa = PBXFileReference; fileEncoding = 4; lastKnownFileType = sourcecode.c.objc; path = EMSAdminViewController.m; sourceTree = "<group>"; };
		F31862351770340200292371 /* EMSDetailViewController.h */ = {isa = PBXFileReference; fileEncoding = 4; lastKnownFileType = sourcecode.c.h; path = EMSDetailViewController.h; sourceTree = "<group>"; };
		F31862361770340200292371 /* EMSDetailViewController.m */ = {isa = PBXFileReference; fileEncoding = 4; lastKnownFileType = sourcecode.c.objc; path = EMSDetailViewController.m; sourceTree = "<group>"; };
		F31862401770501800292371 /* EMSSessionCell.h */ = {isa = PBXFileReference; fileEncoding = 4; lastKnownFileType = sourcecode.c.h; path = EMSSessionCell.h; sourceTree = "<group>"; };
		F31862411770501800292371 /* EMSSessionCell.m */ = {isa = PBXFileReference; fileEncoding = 4; lastKnownFileType = sourcecode.c.objc; path = EMSSessionCell.m; sourceTree = "<group>"; };
		F3513B46177074200042D07A /* 19-gear.png */ = {isa = PBXFileReference; lastKnownFileType = image.png; path = "19-gear.png"; sourceTree = "<group>"; };
		F3513B48177076A80042D07A /* 19-gear@2x.png */ = {isa = PBXFileReference; lastKnownFileType = image.png; path = "19-gear@2x.png"; sourceTree = "<group>"; };
		F3513B4A1770776C0042D07A /* 06-magnify.png */ = {isa = PBXFileReference; lastKnownFileType = image.png; path = "06-magnify.png"; sourceTree = "<group>"; };
		F3513B4B1770776C0042D07A /* 06-magnify@2x.png */ = {isa = PBXFileReference; lastKnownFileType = image.png; path = "06-magnify@2x.png"; sourceTree = "<group>"; };
		F3513B4E177078A80042D07A /* 28-star-grey.png */ = {isa = PBXFileReference; lastKnownFileType = image.png; path = "28-star-grey.png"; sourceTree = "<group>"; };
		F3513B4F177078A80042D07A /* 28-star-grey@2x.png */ = {isa = PBXFileReference; lastKnownFileType = image.png; path = "28-star-grey@2x.png"; sourceTree = "<group>"; };
		F3513B50177078A80042D07A /* 64-zap-grey.png */ = {isa = PBXFileReference; lastKnownFileType = image.png; path = "64-zap-grey.png"; sourceTree = "<group>"; };
		F3513B51177078A80042D07A /* 64-zap-grey@2x.png */ = {isa = PBXFileReference; lastKnownFileType = image.png; path = "64-zap-grey@2x.png"; sourceTree = "<group>"; };
		F3513B561770792A0042D07A /* 28-star.png */ = {isa = PBXFileReference; lastKnownFileType = image.png; path = "28-star.png"; sourceTree = "<group>"; };
		F3513B571770792A0042D07A /* 28-star@2x.png */ = {isa = PBXFileReference; lastKnownFileType = image.png; path = "28-star@2x.png"; sourceTree = "<group>"; };
		F3513B581770792A0042D07A /* 64-zap.png */ = {isa = PBXFileReference; lastKnownFileType = image.png; path = "64-zap.png"; sourceTree = "<group>"; };
		F3513B591770792A0042D07A /* 64-zap@2x.png */ = {isa = PBXFileReference; lastKnownFileType = image.png; path = "64-zap@2x.png"; sourceTree = "<group>"; };
		F3513B5E177079A50042D07A /* 28-star-yellow.png */ = {isa = PBXFileReference; lastKnownFileType = image.png; path = "28-star-yellow.png"; sourceTree = "<group>"; };
		F3513B5F177079A50042D07A /* 28-star-yellow@2x.png */ = {isa = PBXFileReference; lastKnownFileType = image.png; path = "28-star-yellow@2x.png"; sourceTree = "<group>"; };
		F3513B60177079A50042D07A /* 64-zap-yellow.png */ = {isa = PBXFileReference; lastKnownFileType = image.png; path = "64-zap-yellow.png"; sourceTree = "<group>"; };
		F3513B61177079A50042D07A /* 64-zap-yellow@2x.png */ = {isa = PBXFileReference; lastKnownFileType = image.png; path = "64-zap-yellow@2x.png"; sourceTree = "<group>"; };
		F35BB6C217685885009077D3 /* EMS.app */ = {isa = PBXFileReference; explicitFileType = wrapper.application; includeInIndex = 0; path = EMS.app; sourceTree = BUILT_PRODUCTS_DIR; };
		F35BB6C517685885009077D3 /* UIKit.framework */ = {isa = PBXFileReference; lastKnownFileType = wrapper.framework; name = UIKit.framework; path = System/Library/Frameworks/UIKit.framework; sourceTree = SDKROOT; };
		F35BB6C717685885009077D3 /* Foundation.framework */ = {isa = PBXFileReference; lastKnownFileType = wrapper.framework; name = Foundation.framework; path = System/Library/Frameworks/Foundation.framework; sourceTree = SDKROOT; };
		F35BB6C917685885009077D3 /* CoreGraphics.framework */ = {isa = PBXFileReference; lastKnownFileType = wrapper.framework; name = CoreGraphics.framework; path = System/Library/Frameworks/CoreGraphics.framework; sourceTree = SDKROOT; };
		F35BB6CD17685885009077D3 /* EMS-Info.plist */ = {isa = PBXFileReference; lastKnownFileType = text.plist.xml; path = "EMS-Info.plist"; sourceTree = "<group>"; };
		F35BB6CF17685885009077D3 /* en */ = {isa = PBXFileReference; lastKnownFileType = text.plist.strings; name = en; path = en.lproj/InfoPlist.strings; sourceTree = "<group>"; };
		F35BB6D117685885009077D3 /* main.m */ = {isa = PBXFileReference; lastKnownFileType = sourcecode.c.objc; path = main.m; sourceTree = "<group>"; };
		F35BB6D317685885009077D3 /* EMS-Prefix.pch */ = {isa = PBXFileReference; lastKnownFileType = sourcecode.c.h; path = "EMS-Prefix.pch"; sourceTree = "<group>"; };
		F35BB6D417685885009077D3 /* EMSAppDelegate.h */ = {isa = PBXFileReference; lastKnownFileType = sourcecode.c.h; path = EMSAppDelegate.h; sourceTree = "<group>"; };
		F35BB6D517685885009077D3 /* EMSAppDelegate.m */ = {isa = PBXFileReference; lastKnownFileType = sourcecode.c.objc; path = EMSAppDelegate.m; sourceTree = "<group>"; };
		F35BB6DE17685885009077D3 /* en */ = {isa = PBXFileReference; lastKnownFileType = file.storyboard; name = en; path = en.lproj/MainStoryboard_iPhone.storyboard; sourceTree = "<group>"; };
		F35BB6E117685885009077D3 /* en */ = {isa = PBXFileReference; lastKnownFileType = file.storyboard; name = en; path = en.lproj/MainStoryboard_iPad.storyboard; sourceTree = "<group>"; };
		F35BB6EF17686478009077D3 /* CJCollection.h */ = {isa = PBXFileReference; fileEncoding = 4; lastKnownFileType = sourcecode.c.h; path = CJCollection.h; sourceTree = "<group>"; };
		F35BB6F017686478009077D3 /* CJCollection.m */ = {isa = PBXFileReference; fileEncoding = 4; lastKnownFileType = sourcecode.c.objc; path = CJCollection.m; sourceTree = "<group>"; };
		F35BB6F117686478009077D3 /* CJItem.h */ = {isa = PBXFileReference; fileEncoding = 4; lastKnownFileType = sourcecode.c.h; path = CJItem.h; sourceTree = "<group>"; };
		F35BB6F217686478009077D3 /* CJItem.m */ = {isa = PBXFileReference; fileEncoding = 4; lastKnownFileType = sourcecode.c.objc; path = CJItem.m; sourceTree = "<group>"; };
		F35BB6F317686478009077D3 /* CJLink.h */ = {isa = PBXFileReference; fileEncoding = 4; lastKnownFileType = sourcecode.c.h; path = CJLink.h; sourceTree = "<group>"; };
		F35BB6F417686478009077D3 /* CJLink.m */ = {isa = PBXFileReference; fileEncoding = 4; lastKnownFileType = sourcecode.c.objc; path = CJLink.m; sourceTree = "<group>"; };
		F35BB6F517686478009077D3 /* README.md */ = {isa = PBXFileReference; fileEncoding = 4; lastKnownFileType = text; path = README.md; sourceTree = "<group>"; };
		F3939E4F176887090078C709 /* CoreData.framework */ = {isa = PBXFileReference; lastKnownFileType = wrapper.framework; name = CoreData.framework; path = System/Library/Frameworks/CoreData.framework; sourceTree = SDKROOT; };
		F3939E521768879C0078C709 /* EMSCoreDataModel.xcdatamodel */ = {isa = PBXFileReference; lastKnownFileType = wrapper.xcdatamodel; path = EMSCoreDataModel.xcdatamodel; sourceTree = "<group>"; };
		F3939E5F1769C3CD0078C709 /* EMSModel.h */ = {isa = PBXFileReference; fileEncoding = 4; lastKnownFileType = sourcecode.c.h; path = EMSModel.h; sourceTree = "<group>"; };
		F3939E601769C3CD0078C709 /* EMSModel.m */ = {isa = PBXFileReference; fileEncoding = 4; lastKnownFileType = sourcecode.c.objc; path = EMSModel.m; sourceTree = "<group>"; };
		F3D5E2C31770946100888A7E /* style.css */ = {isa = PBXFileReference; fileEncoding = 4; lastKnownFileType = text.css; path = style.css; sourceTree = "<group>"; };
		F3D5E2C517709CD000888A7E /* EMSSpeakersRetriever.h */ = {isa = PBXFileReference; fileEncoding = 4; lastKnownFileType = sourcecode.c.h; path = EMSSpeakersRetriever.h; sourceTree = "<group>"; };
		F3D5E2C617709CD000888A7E /* EMSSpeakersRetriever.m */ = {isa = PBXFileReference; fileEncoding = 4; lastKnownFileType = sourcecode.c.objc; path = EMSSpeakersRetriever.m; sourceTree = "<group>"; };
/* End PBXFileReference section */

/* Begin PBXFrameworksBuildPhase section */
		F35BB6BF17685885009077D3 /* Frameworks */ = {
			isa = PBXFrameworksBuildPhase;
			buildActionMask = 2147483647;
			files = (
				F3939E50176887090078C709 /* CoreData.framework in Frameworks */,
				F35BB6C617685885009077D3 /* UIKit.framework in Frameworks */,
				F35BB6C817685885009077D3 /* Foundation.framework in Frameworks */,
				F35BB6CA17685885009077D3 /* CoreGraphics.framework in Frameworks */,
				830C7D79176F8B4900D38B46 /* Crashlytics.framework in Frameworks */,
			);
			runOnlyForDeploymentPostprocessing = 0;
		};
/* End PBXFrameworksBuildPhase section */

/* Begin PBXGroup section */
		839BD637176F9BD400900712 /* Config */ = {
			isa = PBXGroup;
			children = (
				839BD638176F9BD400900712 /* EMS-Config.plist */,
				839BD639176F9BD400900712 /* EMS-Keys.plist */,
			);
			name = Config;
			path = EMS/Config;
			sourceTree = "<group>";
		};
		839BD63A176F9BD400900712 /* EMS */ = {
			isa = PBXGroup;
			children = (
				839BD63B176F9BD400900712 /* EMSConference.h */,
				839BD63C176F9BD400900712 /* EMSConference.m */,
				839BD63D176F9BD400900712 /* EMSConferencesRetriever.h */,
				839BD63E176F9BD400900712 /* EMSConferencesRetriever.m */,
				839BD63F176F9BD400900712 /* EMSDateConverter.h */,
				839BD640176F9BD400900712 /* EMSDateConverter.m */,
				839BD641176F9BD400900712 /* EMSRetriever.h */,
				839BD642176F9BD400900712 /* EMSRetriever.m */,
				839BD643176F9BD400900712 /* EMSRetrieverDelegate.h */,
				839BD644176F9BD400900712 /* EMSRoom.h */,
				839BD645176F9BD400900712 /* EMSRoom.m */,
				839BD646176F9BD400900712 /* EMSRoomsRetriever.h */,
				839BD647176F9BD400900712 /* EMSRoomsRetriever.m */,
				839BD648176F9BD400900712 /* EMSSession.h */,
				839BD649176F9BD400900712 /* EMSSession.m */,
				839BD64A176F9BD400900712 /* EMSSessionsRetriever.h */,
				839BD64B176F9BD400900712 /* EMSSessionsRetriever.m */,
				839BD64C176F9BD400900712 /* EMSSlot.h */,
				839BD64D176F9BD400900712 /* EMSSlot.m */,
				839BD64E176F9BD400900712 /* EMSSlotsRetriever.h */,
				839BD64F176F9BD400900712 /* EMSSlotsRetriever.m */,
				839BD66E176FA67000900712 /* EMSSpeaker.h */,
				839BD66F176FA67000900712 /* EMSSpeaker.m */,
				F3D5E2C517709CD000888A7E /* EMSSpeakersRetriever.h */,
				F3D5E2C617709CD000888A7E /* EMSSpeakersRetriever.m */,
			);
			name = EMS;
			path = EMS/EMS;
			sourceTree = "<group>";
		};
		839BD650176F9BD400900712 /* Images */ = {
			isa = PBXGroup;
			children = (
				83172C1F1770FE67000135E6 /* 11-clock.png */,
				83172C201770FE67000135E6 /* 11-clock@2x.png */,
				83172C211770FE67000135E6 /* 259-list.png */,
				83172C221770FE67000135E6 /* 259-list@2x.png */,
				836331371770F01C000F8D95 /* 258-checkmark.png */,
				836331381770F01C000F8D95 /* 258-checkmark@2x.png */,
				836331331770EF78000F8D95 /* 298-circlex.png */,
				836331341770EF78000F8D95 /* 298-circlex@2x.png */,
				F3513B5E177079A50042D07A /* 28-star-yellow.png */,
				F3513B5F177079A50042D07A /* 28-star-yellow@2x.png */,
				F3513B60177079A50042D07A /* 64-zap-yellow.png */,
				F3513B61177079A50042D07A /* 64-zap-yellow@2x.png */,
				F3513B561770792A0042D07A /* 28-star.png */,
				F3513B571770792A0042D07A /* 28-star@2x.png */,
				F3513B581770792A0042D07A /* 64-zap.png */,
				F3513B591770792A0042D07A /* 64-zap@2x.png */,
				F3513B4E177078A80042D07A /* 28-star-grey.png */,
				F3513B4F177078A80042D07A /* 28-star-grey@2x.png */,
				F3513B50177078A80042D07A /* 64-zap-grey.png */,
				F3513B51177078A80042D07A /* 64-zap-grey@2x.png */,
				F3513B4A1770776C0042D07A /* 06-magnify.png */,
				F3513B4B1770776C0042D07A /* 06-magnify@2x.png */,
				F3513B48177076A80042D07A /* 19-gear@2x.png */,
				F3513B46177074200042D07A /* 19-gear.png */,
				839BD651176F9BD400900712 /* Default-568h@2x.png */,
				839BD652176F9BD400900712 /* Default.png */,
				839BD653176F9BD400900712 /* Default@2x.png */,
			);
			name = Images;
			path = EMS/Images;
			sourceTree = "<group>";
		};
		839BD654176F9BD400900712 /* View */ = {
			isa = PBXGroup;
			children = (
				839BD655176F9BD400900712 /* EMSConferenceChangedDelegate.h */,
				839BD656176F9BD400900712 /* EMSMainViewController.h */,
				839BD657176F9BD400900712 /* EMSMainViewController.m */,
				839BD658176F9BD400900712 /* EMSSettingsViewController.h */,
				839BD659176F9BD400900712 /* EMSSettingsViewController.m */,
				839BD65A176F9BD400900712 /* EMSViewController.h */,
				839BD65B176F9BD400900712 /* EMSViewController.m */,
				F31862351770340200292371 /* EMSDetailViewController.h */,
				F31862361770340200292371 /* EMSDetailViewController.m */,
				F31862401770501800292371 /* EMSSessionCell.h */,
				F31862411770501800292371 /* EMSSessionCell.m */,
				836331301770DD2B000F8D95 /* EMSSearchViewController.h */,
				836331311770DD2B000F8D95 /* EMSSearchViewController.m */,
				8363313B1770F06C000F8D95 /* EMSSearchViewDelegate.h */,
				83AF91AF1771E7E100FAE20F /* EMSAdminViewController.h */,
				83AF91B01771E7E100FAE20F /* EMSAdminViewController.m */,
			);
			name = View;
			path = EMS/View;
			sourceTree = "<group>";
		};
		F35BB6B917685885009077D3 = {
			isa = PBXGroup;
			children = (
				839BD654176F9BD400900712 /* View */,
				F35BB6EE17686478009077D3 /* CollectionJSON */,
				839BD637176F9BD400900712 /* Config */,
				839BD63A176F9BD400900712 /* EMS */,
				839BD650176F9BD400900712 /* Images */,
				F3939E511768879C0078C709 /* EMSCoreDataModel.xcdatamodeld */,
				F35BB6CB17685885009077D3 /* App */,
				F35BB6C417685885009077D3 /* Frameworks */,
				F35BB6C317685885009077D3 /* Products */,
			);
			sourceTree = "<group>";
		};
		F35BB6C317685885009077D3 /* Products */ = {
			isa = PBXGroup;
			children = (
				F35BB6C217685885009077D3 /* EMS.app */,
			);
			name = Products;
			sourceTree = "<group>";
		};
		F35BB6C417685885009077D3 /* Frameworks */ = {
			isa = PBXGroup;
			children = (
				830C7D78176F8B4900D38B46 /* Crashlytics.framework */,
				F3939E4F176887090078C709 /* CoreData.framework */,
				F35BB6C517685885009077D3 /* UIKit.framework */,
				F35BB6C717685885009077D3 /* Foundation.framework */,
				F35BB6C917685885009077D3 /* CoreGraphics.framework */,
			);
			name = Frameworks;
			sourceTree = "<group>";
		};
		F35BB6CB17685885009077D3 /* App */ = {
			isa = PBXGroup;
			children = (
				F35BB6D417685885009077D3 /* EMSAppDelegate.h */,
				F35BB6D517685885009077D3 /* EMSAppDelegate.m */,
				F35BB6DD17685885009077D3 /* MainStoryboard_iPhone.storyboard */,
				F35BB6E017685885009077D3 /* MainStoryboard_iPad.storyboard */,
				F35BB6CC17685885009077D3 /* Supporting Files */,
				F3939E5F1769C3CD0078C709 /* EMSModel.h */,
				F3939E601769C3CD0078C709 /* EMSModel.m */,
			);
			name = App;
			path = EMS;
			sourceTree = "<group>";
		};
		F35BB6CC17685885009077D3 /* Supporting Files */ = {
			isa = PBXGroup;
			children = (
				F35BB6CD17685885009077D3 /* EMS-Info.plist */,
				F35BB6CE17685885009077D3 /* InfoPlist.strings */,
				F35BB6D117685885009077D3 /* main.m */,
				F35BB6D317685885009077D3 /* EMS-Prefix.pch */,
				F3D5E2C31770946100888A7E /* style.css */,
			);
			name = "Supporting Files";
			sourceTree = "<group>";
		};
		F35BB6EE17686478009077D3 /* CollectionJSON */ = {
			isa = PBXGroup;
			children = (
				F35BB6EF17686478009077D3 /* CJCollection.h */,
				F35BB6F017686478009077D3 /* CJCollection.m */,
				F35BB6F117686478009077D3 /* CJItem.h */,
				F35BB6F217686478009077D3 /* CJItem.m */,
				F35BB6F317686478009077D3 /* CJLink.h */,
				F35BB6F417686478009077D3 /* CJLink.m */,
				F35BB6F517686478009077D3 /* README.md */,
			);
			name = CollectionJSON;
			path = EMS/CollectionJSON;
			sourceTree = "<group>";
		};
/* End PBXGroup section */

/* Begin PBXNativeTarget section */
		F35BB6C117685885009077D3 /* EMS */ = {
			isa = PBXNativeTarget;
			buildConfigurationList = F35BB6E817685885009077D3 /* Build configuration list for PBXNativeTarget "EMS" */;
			buildPhases = (
				F35BB6BE17685885009077D3 /* Sources */,
				F35BB6BF17685885009077D3 /* Frameworks */,
				F35BB6C017685885009077D3 /* Resources */,
				830C7D77176F8AB200D38B46 /* ShellScript */,
			);
			buildRules = (
			);
			dependencies = (
			);
			name = EMS;
			productName = EMS;
			productReference = F35BB6C217685885009077D3 /* EMS.app */;
			productType = "com.apple.product-type.application";
		};
/* End PBXNativeTarget section */

/* Begin PBXProject section */
		F35BB6BA17685885009077D3 /* Project object */ = {
			isa = PBXProject;
			attributes = {
				CLASSPREFIX = EMS;
				LastUpgradeCheck = 0460;
				ORGANIZATIONNAME = "Chris Searle";
			};
			buildConfigurationList = F35BB6BD17685885009077D3 /* Build configuration list for PBXProject "EMS" */;
			compatibilityVersion = "Xcode 3.2";
			developmentRegion = English;
			hasScannedForEncodings = 0;
			knownRegions = (
				en,
			);
			mainGroup = F35BB6B917685885009077D3;
			productRefGroup = F35BB6C317685885009077D3 /* Products */;
			projectDirPath = "";
			projectRoot = "";
			targets = (
				F35BB6C117685885009077D3 /* EMS */,
			);
		};
/* End PBXProject section */

/* Begin PBXResourcesBuildPhase section */
		F35BB6C017685885009077D3 /* Resources */ = {
			isa = PBXResourcesBuildPhase;
			buildActionMask = 2147483647;
			files = (
				F35BB6D017685885009077D3 /* InfoPlist.strings in Resources */,
				F35BB6DF17685885009077D3 /* MainStoryboard_iPhone.storyboard in Resources */,
				F35BB6E217685885009077D3 /* MainStoryboard_iPad.storyboard in Resources */,
				F35BB70017686478009077D3 /* README.md in Resources */,
				839BD65C176F9BD400900712 /* EMS-Config.plist in Resources */,
				839BD65D176F9BD400900712 /* EMS-Keys.plist in Resources */,
				839BD668176F9BD400900712 /* Default-568h@2x.png in Resources */,
				839BD669176F9BD400900712 /* Default.png in Resources */,
				839BD66A176F9BD400900712 /* Default@2x.png in Resources */,
				F3513B47177074200042D07A /* 19-gear.png in Resources */,
				F3513B49177076A80042D07A /* 19-gear@2x.png in Resources */,
				F3513B4C1770776C0042D07A /* 06-magnify.png in Resources */,
				F3513B4D1770776C0042D07A /* 06-magnify@2x.png in Resources */,
				F3513B52177078A80042D07A /* 28-star-grey.png in Resources */,
				F3513B53177078A80042D07A /* 28-star-grey@2x.png in Resources */,
				F3513B54177078A80042D07A /* 64-zap-grey.png in Resources */,
				F3513B55177078A80042D07A /* 64-zap-grey@2x.png in Resources */,
				F3513B5A1770792A0042D07A /* 28-star.png in Resources */,
				F3513B5B1770792A0042D07A /* 28-star@2x.png in Resources */,
				F3513B5C1770792A0042D07A /* 64-zap.png in Resources */,
				F3513B5D1770792A0042D07A /* 64-zap@2x.png in Resources */,
				F3513B62177079A50042D07A /* 28-star-yellow.png in Resources */,
				F3513B63177079A50042D07A /* 28-star-yellow@2x.png in Resources */,
				F3513B64177079A50042D07A /* 64-zap-yellow.png in Resources */,
				F3513B65177079A50042D07A /* 64-zap-yellow@2x.png in Resources */,
				F3D5E2C41770946100888A7E /* style.css in Resources */,
				836331351770EF78000F8D95 /* 298-circlex.png in Resources */,
				836331361770EF78000F8D95 /* 298-circlex@2x.png in Resources */,
				836331391770F01C000F8D95 /* 258-checkmark.png in Resources */,
				8363313A1770F01C000F8D95 /* 258-checkmark@2x.png in Resources */,
				83172C231770FE67000135E6 /* 11-clock.png in Resources */,
				83172C241770FE67000135E6 /* 11-clock@2x.png in Resources */,
				83172C251770FE67000135E6 /* 259-list.png in Resources */,
				83172C261770FE67000135E6 /* 259-list@2x.png in Resources */,
			);
			runOnlyForDeploymentPostprocessing = 0;
		};
/* End PBXResourcesBuildPhase section */

/* Begin PBXShellScriptBuildPhase section */
		830C7D77176F8AB200D38B46 /* ShellScript */ = {
			isa = PBXShellScriptBuildPhase;
			buildActionMask = 2147483647;
			files = (
			);
			inputPaths = (
			);
			outputPaths = (
			);
			runOnlyForDeploymentPostprocessing = 0;
			shellPath = /bin/sh;
			shellScript = "./Crashlytics.framework/run 76243485dba0d4938b2917f78d8106a6ff1d0d0b";
		};
/* End PBXShellScriptBuildPhase section */

/* Begin PBXSourcesBuildPhase section */
		F35BB6BE17685885009077D3 /* Sources */ = {
			isa = PBXSourcesBuildPhase;
			buildActionMask = 2147483647;
			files = (
				F35BB6D217685885009077D3 /* main.m in Sources */,
				F35BB6D617685885009077D3 /* EMSAppDelegate.m in Sources */,
				F35BB6FD17686478009077D3 /* CJCollection.m in Sources */,
				F35BB6FE17686478009077D3 /* CJItem.m in Sources */,
				F35BB6FF17686478009077D3 /* CJLink.m in Sources */,
				F3939E531768879C0078C709 /* EMSCoreDataModel.xcdatamodeld in Sources */,
				F3939E611769C3CE0078C709 /* EMSModel.m in Sources */,
				839BD65E176F9BD400900712 /* EMSConference.m in Sources */,
				839BD65F176F9BD400900712 /* EMSConferencesRetriever.m in Sources */,
				839BD660176F9BD400900712 /* EMSDateConverter.m in Sources */,
				839BD661176F9BD400900712 /* EMSRetriever.m in Sources */,
				839BD662176F9BD400900712 /* EMSRoom.m in Sources */,
				839BD663176F9BD400900712 /* EMSRoomsRetriever.m in Sources */,
				839BD664176F9BD400900712 /* EMSSession.m in Sources */,
				839BD665176F9BD400900712 /* EMSSessionsRetriever.m in Sources */,
				839BD666176F9BD400900712 /* EMSSlot.m in Sources */,
				839BD667176F9BD400900712 /* EMSSlotsRetriever.m in Sources */,
				839BD66B176F9BD400900712 /* EMSMainViewController.m in Sources */,
				839BD66C176F9BD400900712 /* EMSSettingsViewController.m in Sources */,
				839BD66D176F9BD400900712 /* EMSViewController.m in Sources */,
				839BD670176FA67000900712 /* EMSSpeaker.m in Sources */,
				F31862371770340200292371 /* EMSDetailViewController.m in Sources */,
				F31862421770501800292371 /* EMSSessionCell.m in Sources */,
				F3D5E2C717709CD100888A7E /* EMSSpeakersRetriever.m in Sources */,
				836331321770DD2B000F8D95 /* EMSSearchViewController.m in Sources */,
				83AF91B11771E7E100FAE20F /* EMSAdminViewController.m in Sources */,
			);
			runOnlyForDeploymentPostprocessing = 0;
		};
/* End PBXSourcesBuildPhase section */

/* Begin PBXVariantGroup section */
		F35BB6CE17685885009077D3 /* InfoPlist.strings */ = {
			isa = PBXVariantGroup;
			children = (
				F35BB6CF17685885009077D3 /* en */,
			);
			name = InfoPlist.strings;
			sourceTree = "<group>";
		};
		F35BB6DD17685885009077D3 /* MainStoryboard_iPhone.storyboard */ = {
			isa = PBXVariantGroup;
			children = (
				F35BB6DE17685885009077D3 /* en */,
			);
			name = MainStoryboard_iPhone.storyboard;
			sourceTree = "<group>";
		};
		F35BB6E017685885009077D3 /* MainStoryboard_iPad.storyboard */ = {
			isa = PBXVariantGroup;
			children = (
				F35BB6E117685885009077D3 /* en */,
			);
			name = MainStoryboard_iPad.storyboard;
			sourceTree = "<group>";
		};
/* End PBXVariantGroup section */

/* Begin XCBuildConfiguration section */
		F35BB6E617685885009077D3 /* Debug */ = {
			isa = XCBuildConfiguration;
			buildSettings = {
				ALWAYS_SEARCH_USER_PATHS = NO;
				CLANG_CXX_LANGUAGE_STANDARD = "gnu++0x";
				CLANG_CXX_LIBRARY = "libc++";
				CLANG_ENABLE_OBJC_ARC = YES;
				CLANG_WARN_CONSTANT_CONVERSION = YES;
				CLANG_WARN_EMPTY_BODY = YES;
				CLANG_WARN_ENUM_CONVERSION = YES;
				CLANG_WARN_INT_CONVERSION = YES;
				CLANG_WARN__DUPLICATE_METHOD_MATCH = YES;
				"CODE_SIGN_IDENTITY[sdk=iphoneos*]" = "iPhone Developer";
				COPY_PHASE_STRIP = NO;
				GCC_C_LANGUAGE_STANDARD = gnu99;
				GCC_DYNAMIC_NO_PIC = NO;
				GCC_OPTIMIZATION_LEVEL = 0;
				GCC_PREPROCESSOR_DEFINITIONS = (
					"DEBUG=1",
					"$(inherited)",
				);
				GCC_SYMBOLS_PRIVATE_EXTERN = NO;
				GCC_WARN_ABOUT_RETURN_TYPE = YES;
				GCC_WARN_UNINITIALIZED_AUTOS = YES;
				GCC_WARN_UNUSED_VARIABLE = YES;
				IPHONEOS_DEPLOYMENT_TARGET = 6.0;
				ONLY_ACTIVE_ARCH = YES;
				SDKROOT = iphoneos;
				TARGETED_DEVICE_FAMILY = "1,2";
			};
			name = Debug;
		};
		F35BB6E717685885009077D3 /* Release */ = {
			isa = XCBuildConfiguration;
			buildSettings = {
				ALWAYS_SEARCH_USER_PATHS = NO;
				CLANG_CXX_LANGUAGE_STANDARD = "gnu++0x";
				CLANG_CXX_LIBRARY = "libc++";
				CLANG_ENABLE_OBJC_ARC = YES;
				CLANG_WARN_CONSTANT_CONVERSION = YES;
				CLANG_WARN_EMPTY_BODY = YES;
				CLANG_WARN_ENUM_CONVERSION = YES;
				CLANG_WARN_INT_CONVERSION = YES;
				CLANG_WARN__DUPLICATE_METHOD_MATCH = YES;
				"CODE_SIGN_IDENTITY[sdk=iphoneos*]" = "iPhone Developer";
				COPY_PHASE_STRIP = YES;
				GCC_C_LANGUAGE_STANDARD = gnu99;
				GCC_WARN_ABOUT_RETURN_TYPE = YES;
				GCC_WARN_UNINITIALIZED_AUTOS = YES;
				GCC_WARN_UNUSED_VARIABLE = YES;
				IPHONEOS_DEPLOYMENT_TARGET = 6.0;
				OTHER_CFLAGS = "-DNS_BLOCK_ASSERTIONS=1";
				SDKROOT = iphoneos;
				TARGETED_DEVICE_FAMILY = "1,2";
				VALIDATE_PRODUCT = YES;
			};
			name = Release;
		};
		F35BB6E917685885009077D3 /* Debug */ = {
			isa = XCBuildConfiguration;
			buildSettings = {
				CURRENT_PROJECT_VERSION = 1;
				FRAMEWORK_SEARCH_PATHS = (
					"$(inherited)",
					"\"$(SRCROOT)\"",
				);
				GCC_PRECOMPILE_PREFIX_HEADER = YES;
				GCC_PREFIX_HEADER = "EMS/EMS-Prefix.pch";
				INFOPLIST_FILE = "EMS/EMS-Info.plist";
				IPHONEOS_DEPLOYMENT_TARGET = 6.0;
				OTHER_CFLAGS = "";
				"OTHER_CFLAGS[arch=*]" = "-DUSE_TEST_DATE=1";
				PRODUCT_NAME = "$(TARGET_NAME)";
				VERSIONING_SYSTEM = "apple-generic";
				WRAPPER_EXTENSION = app;
			};
			name = Debug;
		};
		F35BB6EA17685885009077D3 /* Release */ = {
			isa = XCBuildConfiguration;
			buildSettings = {
				CURRENT_PROJECT_VERSION = 1;
				FRAMEWORK_SEARCH_PATHS = (
					"$(inherited)",
					"\"$(SRCROOT)\"",
				);
				GCC_PRECOMPILE_PREFIX_HEADER = YES;
				GCC_PREFIX_HEADER = "EMS/EMS-Prefix.pch";
				INFOPLIST_FILE = "EMS/EMS-Info.plist";
				IPHONEOS_DEPLOYMENT_TARGET = 6.0;
				PRODUCT_NAME = "$(TARGET_NAME)";
				VERSIONING_SYSTEM = "apple-generic";
				WRAPPER_EXTENSION = app;
			};
			name = Release;
		};
/* End XCBuildConfiguration section */

/* Begin XCConfigurationList section */
		F35BB6BD17685885009077D3 /* Build configuration list for PBXProject "EMS" */ = {
			isa = XCConfigurationList;
			buildConfigurations = (
				F35BB6E617685885009077D3 /* Debug */,
				F35BB6E717685885009077D3 /* Release */,
			);
			defaultConfigurationIsVisible = 0;
			defaultConfigurationName = Release;
		};
		F35BB6E817685885009077D3 /* Build configuration list for PBXNativeTarget "EMS" */ = {
			isa = XCConfigurationList;
			buildConfigurations = (
				F35BB6E917685885009077D3 /* Debug */,
				F35BB6EA17685885009077D3 /* Release */,
			);
			defaultConfigurationIsVisible = 0;
			defaultConfigurationName = Release;
		};
/* End XCConfigurationList section */

/* Begin XCVersionGroup section */
		F3939E511768879C0078C709 /* EMSCoreDataModel.xcdatamodeld */ = {
			isa = XCVersionGroup;
			children = (
				F3939E521768879C0078C709 /* EMSCoreDataModel.xcdatamodel */,
			);
			currentVersion = F3939E521768879C0078C709 /* EMSCoreDataModel.xcdatamodel */;
			name = EMSCoreDataModel.xcdatamodeld;
			path = EMS/EMSCoreDataModel.xcdatamodeld;
			sourceTree = "<group>";
			versionGroupType = wrapper.xcdatamodel;
		};
/* End XCVersionGroup section */
	};
	rootObject = F35BB6BA17685885009077D3 /* Project object */;
}
