// !$*UTF8*$!
{
	archiveVersion = 1;
	classes = {
	};
	objectVersion = 46;
	objects = {

/* Begin PBXBuildFile section */
		1504125019ABDDA500051E04 /* SpeakerPic.m in Sources */ = {isa = PBXBuildFile; fileRef = 1504124F19ABDDA500051E04 /* SpeakerPic.m */; };
		1504125119ABDDA500051E04 /* SpeakerPic.m in Sources */ = {isa = PBXBuildFile; fileRef = 1504124F19ABDDA500051E04 /* SpeakerPic.m */; };
		1504125219ABE17400051E04 /* Speaker.m in Sources */ = {isa = PBXBuildFile; fileRef = F3AE33C61772EA93000EE4A9 /* Speaker.m */; };
		1504125319ABE19200051E04 /* Speaker.m in Sources */ = {isa = PBXBuildFile; fileRef = F3AE33C61772EA93000EE4A9 /* Speaker.m */; };
		15204C1F18DB84070062874A /* RemoveSlugMapping.xcmappingmodel in Sources */ = {isa = PBXBuildFile; fileRef = 15204C1E18DB84070062874A /* RemoveSlugMapping.xcmappingmodel */; };
		15204C2018DB84070062874A /* RemoveSlugMapping.xcmappingmodel in Sources */ = {isa = PBXBuildFile; fileRef = 15204C1E18DB84070062874A /* RemoveSlugMapping.xcmappingmodel */; };
		4E1AD00E5B0570877570A148 /* EMSTracking.m in Sources */ = {isa = PBXBuildFile; fileRef = 4E1AD28B5453F46BA68AAF34 /* EMSTracking.m */; };
		4E1AD35397D90DE204F516F2 /* EMSTracking.m in Sources */ = {isa = PBXBuildFile; fileRef = 4E1AD28B5453F46BA68AAF34 /* EMSTracking.m */; };
		4E1AD3DC51344037FDC2CFFC /* EMSRootParser.m in Sources */ = {isa = PBXBuildFile; fileRef = 4E1AD4BD3EA75DE0EA2F36CD /* EMSRootParser.m */; };
		4E1AD52D6C458D6D36CECFBA /* README.md in Resources */ = {isa = PBXBuildFile; fileRef = 4E1AD0EE5411335585333A2F /* README.md */; };
		4E1AD544AAC6B214D51DD9BC /* EMSRootParser.m in Sources */ = {isa = PBXBuildFile; fileRef = 4E1AD4BD3EA75DE0EA2F36CD /* EMSRootParser.m */; };
		4E1AD738AAB8C89E2FF89CB1 /* ChangeLog in Resources */ = {isa = PBXBuildFile; fileRef = 4E1ADFF5906ECB18F85E943C /* ChangeLog */; };
		4E1AD77617AC893954D9A3D7 /* EMS-Config.plist in Resources */ = {isa = PBXBuildFile; fileRef = 4E1ADCA4A8B28565D66D9816 /* EMS-Config.plist */; };
		4E1ADC3468CFC054FD549975 /* ChangeLog in Resources */ = {isa = PBXBuildFile; fileRef = 4E1ADFF5906ECB18F85E943C /* ChangeLog */; };
		4E1ADFF1BCEBD89ABF3ACAE4 /* README.md in Resources */ = {isa = PBXBuildFile; fileRef = 4E1AD0EE5411335585333A2F /* README.md */; };
		830C7D79176F8B4900D38B46 /* Crashlytics.framework in Frameworks */ = {isa = PBXBuildFile; fileRef = 830C7D78176F8B4900D38B46 /* Crashlytics.framework */; };
		833EF2DB1774E49F005E24A3 /* SystemConfiguration.framework in Frameworks */ = {isa = PBXBuildFile; fileRef = 833EF2DA1774E49F005E24A3 /* SystemConfiguration.framework */; };
		836331321770DD2B000F8D95 /* EMSSearchViewController.m in Sources */ = {isa = PBXBuildFile; fileRef = 836331311770DD2B000F8D95 /* EMSSearchViewController.m */; };
		839BD65E176F9BD400900712 /* EMSConference.m in Sources */ = {isa = PBXBuildFile; fileRef = 839BD63C176F9BD400900712 /* EMSConference.m */; };
		839BD65F176F9BD400900712 /* EMSEventsParser.m in Sources */ = {isa = PBXBuildFile; fileRef = 839BD63E176F9BD400900712 /* EMSEventsParser.m */; };
		839BD660176F9BD400900712 /* EMSDateConverter.m in Sources */ = {isa = PBXBuildFile; fileRef = 839BD640176F9BD400900712 /* EMSDateConverter.m */; };
		839BD661176F9BD400900712 /* EMSRetriever.m in Sources */ = {isa = PBXBuildFile; fileRef = 839BD642176F9BD400900712 /* EMSRetriever.m */; };
		839BD662176F9BD400900712 /* EMSRoom.m in Sources */ = {isa = PBXBuildFile; fileRef = 839BD645176F9BD400900712 /* EMSRoom.m */; };
		839BD663176F9BD400900712 /* EMSRoomsParser.m in Sources */ = {isa = PBXBuildFile; fileRef = 839BD647176F9BD400900712 /* EMSRoomsParser.m */; };
		839BD664176F9BD400900712 /* EMSSession.m in Sources */ = {isa = PBXBuildFile; fileRef = 839BD649176F9BD400900712 /* EMSSession.m */; };
		839BD665176F9BD400900712 /* EMSSessionsParser.m in Sources */ = {isa = PBXBuildFile; fileRef = 839BD64B176F9BD400900712 /* EMSSessionsParser.m */; };
		839BD666176F9BD400900712 /* EMSSlot.m in Sources */ = {isa = PBXBuildFile; fileRef = 839BD64D176F9BD400900712 /* EMSSlot.m */; };
		839BD667176F9BD400900712 /* EMSSlotsParser.m in Sources */ = {isa = PBXBuildFile; fileRef = 839BD64F176F9BD400900712 /* EMSSlotsParser.m */; };
		839BD66B176F9BD400900712 /* EMSMainViewController.m in Sources */ = {isa = PBXBuildFile; fileRef = 839BD657176F9BD400900712 /* EMSMainViewController.m */; };
		839BD66C176F9BD400900712 /* EMSSettingsViewController.m in Sources */ = {isa = PBXBuildFile; fileRef = 839BD659176F9BD400900712 /* EMSSettingsViewController.m */; };
		839BD670176FA67000900712 /* EMSSpeaker.m in Sources */ = {isa = PBXBuildFile; fileRef = 839BD66F176FA67000900712 /* EMSSpeaker.m */; };
		83BF8B6A17ECDA4D0093242C /* Images.xcassets in Resources */ = {isa = PBXBuildFile; fileRef = 83BF8B6917ECDA4D0093242C /* Images.xcassets */; };
		83D5CBA417749EEA00527620 /* EMSFeatureConfig.m in Sources */ = {isa = PBXBuildFile; fileRef = 83D5CBA317749EEA00527620 /* EMSFeatureConfig.m */; };
		83F455A1177D5B5C00BC79A1 /* EMSAboutViewController.m in Sources */ = {isa = PBXBuildFile; fileRef = 83F455A0177D5B5C00BC79A1 /* EMSAboutViewController.m */; };
		85E86E298BD74799AE57514E /* libPods.a in Frameworks */ = {isa = PBXBuildFile; fileRef = 0C5F2910AEBD4413B205CE89 /* libPods.a */; };
		EA11338719A7A880008D000A /* EMSLocalNotificationManager.m in Sources */ = {isa = PBXBuildFile; fileRef = EA11338619A7A880008D000A /* EMSLocalNotificationManager.m */; };
		EA11338819A7A880008D000A /* EMSLocalNotificationManager.m in Sources */ = {isa = PBXBuildFile; fileRef = EA11338619A7A880008D000A /* EMSLocalNotificationManager.m */; };
		EA6132BC193FC35B000F54DC /* EMSConfig.m in Sources */ = {isa = PBXBuildFile; fileRef = EA6132BB193FC35B000F54DC /* EMSConfig.m */; };
		EA74604219A42A3600E24D04 /* EMS-Keys.plist in Resources */ = {isa = PBXBuildFile; fileRef = EA74604119A42A3600E24D04 /* EMS-Keys.plist */; };
		EA81CDDE19AF8F0400FE43A2 /* EMSConferenceRetriever.m in Sources */ = {isa = PBXBuildFile; fileRef = EA81CDDD19AF8F0400FE43A2 /* EMSConferenceRetriever.m */; };
		EA81CDDF19AF8F0400FE43A2 /* EMSConferenceRetriever.m in Sources */ = {isa = PBXBuildFile; fileRef = EA81CDDD19AF8F0400FE43A2 /* EMSConferenceRetriever.m */; };
		EA8F2C831944CCB7002EAE1F /* EMSConfig.m in Sources */ = {isa = PBXBuildFile; fileRef = EA6132BB193FC35B000F54DC /* EMSConfig.m */; };
		EA9ACCBD19A9764500D369C6 /* EMSSessionTitleTableViewCell.m in Sources */ = {isa = PBXBuildFile; fileRef = EA9ACCBC19A9764500D369C6 /* EMSSessionTitleTableViewCell.m */; };
		EA9ACCBE19A9764500D369C6 /* EMSSessionTitleTableViewCell.m in Sources */ = {isa = PBXBuildFile; fileRef = EA9ACCBC19A9764500D369C6 /* EMSSessionTitleTableViewCell.m */; };
		EACB2E9B199EBD1700557D82 /* EMSDefaultTableViewCell.m in Sources */ = {isa = PBXBuildFile; fileRef = EACB2E9A199EBD1700557D82 /* EMSDefaultTableViewCell.m */; };
		EACB2E9C199EBD1700557D82 /* EMSDefaultTableViewCell.m in Sources */ = {isa = PBXBuildFile; fileRef = EACB2E9A199EBD1700557D82 /* EMSDefaultTableViewCell.m */; };
		EAE2CF4F19A934B0002F44FC /* MainStoryboard_iPhone.storyboard in Resources */ = {isa = PBXBuildFile; fileRef = F35BB6DD17685885009077D3 /* MainStoryboard_iPhone.storyboard */; };
		EAE2CF5019A934B3002F44FC /* MainStoryboard_iPad.storyboard in Resources */ = {isa = PBXBuildFile; fileRef = F35BB6E017685885009077D3 /* MainStoryboard_iPad.storyboard */; };
		EAE2CF5119A934D2002F44FC /* MainStoryboard_iPhone.storyboard in Resources */ = {isa = PBXBuildFile; fileRef = F35BB6DD17685885009077D3 /* MainStoryboard_iPhone.storyboard */; };
		EAE2CF5219A934DD002F44FC /* MainStoryboard_iPad.storyboard in Resources */ = {isa = PBXBuildFile; fileRef = F35BB6E017685885009077D3 /* MainStoryboard_iPad.storyboard */; };
		EAE4330819A52F1C002C3EBA /* Localizable.strings in Resources */ = {isa = PBXBuildFile; fileRef = EAE4330619A52F1C002C3EBA /* Localizable.strings */; };
		EAE4330919A52F1C002C3EBA /* Localizable.strings in Resources */ = {isa = PBXBuildFile; fileRef = EAE4330619A52F1C002C3EBA /* Localizable.strings */; };
		EAE4330B19A52F75002C3EBA /* about.html in Resources */ = {isa = PBXBuildFile; fileRef = EAE4330D19A52F75002C3EBA /* about.html */; };
		EAE4330F19A52FA5002C3EBA /* about.html in Resources */ = {isa = PBXBuildFile; fileRef = EAE4331119A52FA5002C3EBA /* about.html */; };
		F30A8CDB192B42FF0066DFD9 /* EMSDetailViewRow.m in Sources */ = {isa = PBXBuildFile; fileRef = F30A8CDA192B42FF0066DFD9 /* EMSDetailViewRow.m */; };
		F30A8CDC192B42FF0066DFD9 /* EMSDetailViewRow.m in Sources */ = {isa = PBXBuildFile; fileRef = F30A8CDA192B42FF0066DFD9 /* EMSDetailViewRow.m */; };
		F30A8CE5192B5BE00066DFD9 /* EMSTopAlignCellTableViewCell.m in Sources */ = {isa = PBXBuildFile; fileRef = F30A8CE4192B5BE00066DFD9 /* EMSTopAlignCellTableViewCell.m */; };
		F30A8CE6192B5BE00066DFD9 /* EMSTopAlignCellTableViewCell.m in Sources */ = {isa = PBXBuildFile; fileRef = F30A8CE4192B5BE00066DFD9 /* EMSTopAlignCellTableViewCell.m */; };
		F31862371770340200292371 /* EMSDetailViewController.m in Sources */ = {isa = PBXBuildFile; fileRef = F31862361770340200292371 /* EMSDetailViewController.m */; };
		F31862421770501800292371 /* EMSSessionCell.m in Sources */ = {isa = PBXBuildFile; fileRef = F31862411770501800292371 /* EMSSessionCell.m */; };
		F354B0BA1781AA1D007F7B01 /* iTunesArtwork.png in Resources */ = {isa = PBXBuildFile; fileRef = F354B0B81781AA1D007F7B01 /* iTunesArtwork.png */; };
		F354B0BB1781AA1D007F7B01 /* iTunesArtwork@2x.png in Resources */ = {isa = PBXBuildFile; fileRef = F354B0B91781AA1D007F7B01 /* iTunesArtwork@2x.png */; };
		F35BB6C617685885009077D3 /* UIKit.framework in Frameworks */ = {isa = PBXBuildFile; fileRef = F35BB6C517685885009077D3 /* UIKit.framework */; };
		F35BB6C817685885009077D3 /* Foundation.framework in Frameworks */ = {isa = PBXBuildFile; fileRef = F35BB6C717685885009077D3 /* Foundation.framework */; };
		F35BB6CA17685885009077D3 /* CoreGraphics.framework in Frameworks */ = {isa = PBXBuildFile; fileRef = F35BB6C917685885009077D3 /* CoreGraphics.framework */; };
		F35BB6D017685885009077D3 /* InfoPlist.strings in Resources */ = {isa = PBXBuildFile; fileRef = F35BB6CE17685885009077D3 /* InfoPlist.strings */; };
		F35BB6D217685885009077D3 /* main.m in Sources */ = {isa = PBXBuildFile; fileRef = F35BB6D117685885009077D3 /* main.m */; };
		F35BB6D617685885009077D3 /* EMSAppDelegate.m in Sources */ = {isa = PBXBuildFile; fileRef = F35BB6D517685885009077D3 /* EMSAppDelegate.m */; };
		F37953CB17797E41000B7CDD /* EMSAdvancedSearch.m in Sources */ = {isa = PBXBuildFile; fileRef = F37953CA17797E41000B7CDD /* EMSAdvancedSearch.m */; };
		F3939E50176887090078C709 /* CoreData.framework in Frameworks */ = {isa = PBXBuildFile; fileRef = F3939E4F176887090078C709 /* CoreData.framework */; };
		F3939E531768879C0078C709 /* EMSCoreDataModel.xcdatamodeld in Sources */ = {isa = PBXBuildFile; fileRef = F3939E511768879C0078C709 /* EMSCoreDataModel.xcdatamodeld */; };
		F3939E611769C3CE0078C709 /* EMSModel.m in Sources */ = {isa = PBXBuildFile; fileRef = F3939E601769C3CD0078C709 /* EMSModel.m */; };
		F394C97117F0173900FAFBD4 /* main.m in Sources */ = {isa = PBXBuildFile; fileRef = F35BB6D117685885009077D3 /* main.m */; };
		F394C97217F0173900FAFBD4 /* EMSAppDelegate.m in Sources */ = {isa = PBXBuildFile; fileRef = F35BB6D517685885009077D3 /* EMSAppDelegate.m */; };
		F394C97317F0173900FAFBD4 /* EMSCoreDataModel.xcdatamodeld in Sources */ = {isa = PBXBuildFile; fileRef = F3939E511768879C0078C709 /* EMSCoreDataModel.xcdatamodeld */; };
		F394C97417F0173900FAFBD4 /* EMSModel.m in Sources */ = {isa = PBXBuildFile; fileRef = F3939E601769C3CD0078C709 /* EMSModel.m */; };
		F394C97517F0173900FAFBD4 /* EMSConference.m in Sources */ = {isa = PBXBuildFile; fileRef = 839BD63C176F9BD400900712 /* EMSConference.m */; };
		F394C97617F0173900FAFBD4 /* EMSEventsParser.m in Sources */ = {isa = PBXBuildFile; fileRef = 839BD63E176F9BD400900712 /* EMSEventsParser.m */; };
		F394C97717F0173900FAFBD4 /* EMSDateConverter.m in Sources */ = {isa = PBXBuildFile; fileRef = 839BD640176F9BD400900712 /* EMSDateConverter.m */; };
		F394C97817F0173900FAFBD4 /* EMSRetriever.m in Sources */ = {isa = PBXBuildFile; fileRef = 839BD642176F9BD400900712 /* EMSRetriever.m */; };
		F394C97917F0173900FAFBD4 /* EMSRoom.m in Sources */ = {isa = PBXBuildFile; fileRef = 839BD645176F9BD400900712 /* EMSRoom.m */; };
		F394C97A17F0173900FAFBD4 /* EMSRoomsParser.m in Sources */ = {isa = PBXBuildFile; fileRef = 839BD647176F9BD400900712 /* EMSRoomsParser.m */; };
		F394C97B17F0173900FAFBD4 /* EMSSession.m in Sources */ = {isa = PBXBuildFile; fileRef = 839BD649176F9BD400900712 /* EMSSession.m */; };
		F394C97C17F0173900FAFBD4 /* EMSSessionsParser.m in Sources */ = {isa = PBXBuildFile; fileRef = 839BD64B176F9BD400900712 /* EMSSessionsParser.m */; };
		F394C97D17F0173900FAFBD4 /* EMSSlot.m in Sources */ = {isa = PBXBuildFile; fileRef = 839BD64D176F9BD400900712 /* EMSSlot.m */; };
		F394C97E17F0173900FAFBD4 /* EMSSlotsParser.m in Sources */ = {isa = PBXBuildFile; fileRef = 839BD64F176F9BD400900712 /* EMSSlotsParser.m */; };
		F394C97F17F0173900FAFBD4 /* EMSMainViewController.m in Sources */ = {isa = PBXBuildFile; fileRef = 839BD657176F9BD400900712 /* EMSMainViewController.m */; };
		F394C98017F0173900FAFBD4 /* EMSSettingsViewController.m in Sources */ = {isa = PBXBuildFile; fileRef = 839BD659176F9BD400900712 /* EMSSettingsViewController.m */; };
		F394C98217F0173900FAFBD4 /* EMSSpeaker.m in Sources */ = {isa = PBXBuildFile; fileRef = 839BD66F176FA67000900712 /* EMSSpeaker.m */; };
		F394C98317F0173900FAFBD4 /* EMSDetailViewController.m in Sources */ = {isa = PBXBuildFile; fileRef = F31862361770340200292371 /* EMSDetailViewController.m */; };
		F394C98417F0173900FAFBD4 /* EMSSessionCell.m in Sources */ = {isa = PBXBuildFile; fileRef = F31862411770501800292371 /* EMSSessionCell.m */; };
		F394C98517F0173900FAFBD4 /* EMSSpeakersParser.m in Sources */ = {isa = PBXBuildFile; fileRef = F3D5E2C617709CD000888A7E /* EMSSpeakersParser.m */; };
		F394C98617F0173900FAFBD4 /* EMSSearchViewController.m in Sources */ = {isa = PBXBuildFile; fileRef = 836331311770DD2B000F8D95 /* EMSSearchViewController.m */; };
		F394C98817F0173900FAFBD4 /* Conference.m in Sources */ = {isa = PBXBuildFile; fileRef = F3AE33C91772EA93000EE4A9 /* Conference.m */; };
		F394C98917F0173900FAFBD4 /* Keyword.m in Sources */ = {isa = PBXBuildFile; fileRef = F3AE33CC1772EA93000EE4A9 /* Keyword.m */; };
		F394C98A17F0173900FAFBD4 /* ConferenceLevel.m in Sources */ = {isa = PBXBuildFile; fileRef = F3AE33CF1772EA94000EE4A9 /* ConferenceLevel.m */; };
		F394C98B17F0173900FAFBD4 /* Room.m in Sources */ = {isa = PBXBuildFile; fileRef = F3AE33D21772EA94000EE4A9 /* Room.m */; };
		F394C98C17F0173900FAFBD4 /* Slot.m in Sources */ = {isa = PBXBuildFile; fileRef = F3AE33D51772EA94000EE4A9 /* Slot.m */; };
		F394C98D17F0173900FAFBD4 /* ConferenceKeyword.m in Sources */ = {isa = PBXBuildFile; fileRef = F3AE33D81772EA94000EE4A9 /* ConferenceKeyword.m */; };
		F394C98E17F0173900FAFBD4 /* ConferenceType.m in Sources */ = {isa = PBXBuildFile; fileRef = F3AE33DB1772EA94000EE4A9 /* ConferenceType.m */; };
		F394C98F17F0173900FAFBD4 /* Session.m in Sources */ = {isa = PBXBuildFile; fileRef = F3AE33DE1772EA94000EE4A9 /* Session.m */; };
		F394C99017F0173900FAFBD4 /* EMSFeatureConfig.m in Sources */ = {isa = PBXBuildFile; fileRef = 83D5CBA317749EEA00527620 /* EMSFeatureConfig.m */; };
		F394C99117F0173900FAFBD4 /* EMSAdvancedSearch.m in Sources */ = {isa = PBXBuildFile; fileRef = F37953CA17797E41000B7CDD /* EMSAdvancedSearch.m */; };
		F394C99217F0173900FAFBD4 /* EMSAboutViewController.m in Sources */ = {isa = PBXBuildFile; fileRef = 83F455A0177D5B5C00BC79A1 /* EMSAboutViewController.m */; };
		F394C99317F0173900FAFBD4 /* AddVideoLinkMapping.xcmappingmodel in Sources */ = {isa = PBXBuildFile; fileRef = F3CEA3CE17B224170092776F /* AddVideoLinkMapping.xcmappingmodel */; };
		F394C99417F0173900FAFBD4 /* EMSConferenceDetailViewController.m in Sources */ = {isa = PBXBuildFile; fileRef = F399B73817CF42CC004DE2EC /* EMSConferenceDetailViewController.m */; };
		F394C99617F0173900FAFBD4 /* SystemConfiguration.framework in Frameworks */ = {isa = PBXBuildFile; fileRef = 833EF2DA1774E49F005E24A3 /* SystemConfiguration.framework */; };
		F394C99717F0173900FAFBD4 /* EventKit.framework in Frameworks */ = {isa = PBXBuildFile; fileRef = F3E601E01772F7EC000673AE /* EventKit.framework */; };
		F394C99817F0173900FAFBD4 /* CoreData.framework in Frameworks */ = {isa = PBXBuildFile; fileRef = F3939E4F176887090078C709 /* CoreData.framework */; };
		F394C99917F0173900FAFBD4 /* UIKit.framework in Frameworks */ = {isa = PBXBuildFile; fileRef = F35BB6C517685885009077D3 /* UIKit.framework */; };
		F394C99A17F0173900FAFBD4 /* Foundation.framework in Frameworks */ = {isa = PBXBuildFile; fileRef = F35BB6C717685885009077D3 /* Foundation.framework */; };
		F394C99B17F0173900FAFBD4 /* CoreGraphics.framework in Frameworks */ = {isa = PBXBuildFile; fileRef = F35BB6C917685885009077D3 /* CoreGraphics.framework */; };
		F394C99C17F0173900FAFBD4 /* Crashlytics.framework in Frameworks */ = {isa = PBXBuildFile; fileRef = 830C7D78176F8B4900D38B46 /* Crashlytics.framework */; };
		F394C99E17F0173900FAFBD4 /* libPods.a in Frameworks */ = {isa = PBXBuildFile; fileRef = 0C5F2910AEBD4413B205CE89 /* libPods.a */; };
		F394C9A017F0173900FAFBD4 /* InfoPlist.strings in Resources */ = {isa = PBXBuildFile; fileRef = F35BB6CE17685885009077D3 /* InfoPlist.strings */; };
		F394C9B517F0173900FAFBD4 /* style.css in Resources */ = {isa = PBXBuildFile; fileRef = F3D5E2C31770946100888A7E /* style.css */; };
		F394C9C817F0173900FAFBD4 /* Images.xcassets in Resources */ = {isa = PBXBuildFile; fileRef = 83BF8B6917ECDA4D0093242C /* Images.xcassets */; };
		F394C9CE17F0173900FAFBD4 /* iTunesArtwork.png in Resources */ = {isa = PBXBuildFile; fileRef = F354B0B81781AA1D007F7B01 /* iTunesArtwork.png */; };
		F394C9CF17F0173900FAFBD4 /* iTunesArtwork@2x.png in Resources */ = {isa = PBXBuildFile; fileRef = F354B0B91781AA1D007F7B01 /* iTunesArtwork@2x.png */; };
		F394C9E717F01C0300FAFBD4 /* EMS-Config.plist in Resources */ = {isa = PBXBuildFile; fileRef = F394C9E617F01C0300FAFBD4 /* EMS-Config.plist */; };
		F399B73917CF42CC004DE2EC /* EMSConferenceDetailViewController.m in Sources */ = {isa = PBXBuildFile; fileRef = F399B73817CF42CC004DE2EC /* EMSConferenceDetailViewController.m */; };
		F3AABDE919AB16C6003D1D1C /* AddTimestampToSpeaker.xcmappingmodel in Sources */ = {isa = PBXBuildFile; fileRef = F3AABDE819AB16C5003D1D1C /* AddTimestampToSpeaker.xcmappingmodel */; };
		F3AABDEA19AB16C6003D1D1C /* AddTimestampToSpeaker.xcmappingmodel in Sources */ = {isa = PBXBuildFile; fileRef = F3AABDE819AB16C5003D1D1C /* AddTimestampToSpeaker.xcmappingmodel */; };
		F3AE33CA1772EA93000EE4A9 /* Conference.m in Sources */ = {isa = PBXBuildFile; fileRef = F3AE33C91772EA93000EE4A9 /* Conference.m */; };
		F3AE33CD1772EA93000EE4A9 /* Keyword.m in Sources */ = {isa = PBXBuildFile; fileRef = F3AE33CC1772EA93000EE4A9 /* Keyword.m */; };
		F3AE33D01772EA94000EE4A9 /* ConferenceLevel.m in Sources */ = {isa = PBXBuildFile; fileRef = F3AE33CF1772EA94000EE4A9 /* ConferenceLevel.m */; };
		F3AE33D31772EA94000EE4A9 /* Room.m in Sources */ = {isa = PBXBuildFile; fileRef = F3AE33D21772EA94000EE4A9 /* Room.m */; };
		F3AE33D61772EA94000EE4A9 /* Slot.m in Sources */ = {isa = PBXBuildFile; fileRef = F3AE33D51772EA94000EE4A9 /* Slot.m */; };
		F3AE33D91772EA94000EE4A9 /* ConferenceKeyword.m in Sources */ = {isa = PBXBuildFile; fileRef = F3AE33D81772EA94000EE4A9 /* ConferenceKeyword.m */; };
		F3AE33DC1772EA94000EE4A9 /* ConferenceType.m in Sources */ = {isa = PBXBuildFile; fileRef = F3AE33DB1772EA94000EE4A9 /* ConferenceType.m */; };
		F3AE33DF1772EA94000EE4A9 /* Session.m in Sources */ = {isa = PBXBuildFile; fileRef = F3AE33DE1772EA94000EE4A9 /* Session.m */; };
		F3CEA3CF17B224170092776F /* AddVideoLinkMapping.xcmappingmodel in Sources */ = {isa = PBXBuildFile; fileRef = F3CEA3CE17B224170092776F /* AddVideoLinkMapping.xcmappingmodel */; };
		F3D5E2C41770946100888A7E /* style.css in Resources */ = {isa = PBXBuildFile; fileRef = F3D5E2C31770946100888A7E /* style.css */; };
		F3D5E2C717709CD100888A7E /* EMSSpeakersParser.m in Sources */ = {isa = PBXBuildFile; fileRef = F3D5E2C617709CD000888A7E /* EMSSpeakersParser.m */; };
		F3E601E11772F7EC000673AE /* EventKit.framework in Frameworks */ = {isa = PBXBuildFile; fileRef = F3E601E01772F7EC000673AE /* EventKit.framework */; };
/* End PBXBuildFile section */

/* Begin PBXFileReference section */
		0C5F2910AEBD4413B205CE89 /* libPods.a */ = {isa = PBXFileReference; explicitFileType = archive.ar; includeInIndex = 0; path = libPods.a; sourceTree = BUILT_PRODUCTS_DIR; };
		1504124B19ABDCCE00051E04 /* EMSCoreDataModel 5.xcdatamodel */ = {isa = PBXFileReference; lastKnownFileType = wrapper.xcdatamodel; path = "EMSCoreDataModel 5.xcdatamodel"; sourceTree = "<group>"; };
		1504124E19ABDDA500051E04 /* SpeakerPic.h */ = {isa = PBXFileReference; fileEncoding = 4; lastKnownFileType = sourcecode.c.h; name = SpeakerPic.h; path = EMS/EMSMO/SpeakerPic.h; sourceTree = "<group>"; };
		1504124F19ABDDA500051E04 /* SpeakerPic.m */ = {isa = PBXFileReference; fileEncoding = 4; lastKnownFileType = sourcecode.c.objc; name = SpeakerPic.m; path = EMS/EMSMO/SpeakerPic.m; sourceTree = "<group>"; };
		15204C1D18DB82C40062874A /* EMSCoreDataModel 3.xcdatamodel */ = {isa = PBXFileReference; lastKnownFileType = wrapper.xcdatamodel; path = "EMSCoreDataModel 3.xcdatamodel"; sourceTree = "<group>"; };
		15204C1E18DB84070062874A /* RemoveSlugMapping.xcmappingmodel */ = {isa = PBXFileReference; lastKnownFileType = wrapper.xcmappingmodel; path = RemoveSlugMapping.xcmappingmodel; sourceTree = "<group>"; };
		4E1AD00D04FA079A848CDAE5 /* JavaZone-Info.plist */ = {isa = PBXFileReference; fileEncoding = 4; lastKnownFileType = text.plist.info; path = "JavaZone-Info.plist"; sourceTree = "<group>"; };
		4E1AD0E07B70D148B519768B /* flatMap-Info.plist */ = {isa = PBXFileReference; fileEncoding = 4; lastKnownFileType = text.plist.info; path = "flatMap-Info.plist"; sourceTree = "<group>"; };
		4E1AD0EE5411335585333A2F /* README.md */ = {isa = PBXFileReference; lastKnownFileType = file.md; path = README.md; sourceTree = "<group>"; };
		4E1AD28B5453F46BA68AAF34 /* EMSTracking.m */ = {isa = PBXFileReference; fileEncoding = 4; lastKnownFileType = sourcecode.c.objc; path = EMSTracking.m; sourceTree = "<group>"; };
		4E1AD3429BD33789CEAB8981 /* EMSSpeakersParserDelegate.h */ = {isa = PBXFileReference; fileEncoding = 4; lastKnownFileType = sourcecode.c.h; path = EMSSpeakersParserDelegate.h; sourceTree = "<group>"; };
		4E1AD4BD3EA75DE0EA2F36CD /* EMSRootParser.m */ = {isa = PBXFileReference; fileEncoding = 4; lastKnownFileType = sourcecode.c.objc; path = EMSRootParser.m; sourceTree = "<group>"; };
		4E1AD5906A3F485CAB5C75AB /* EMSEventsParserDelegate.h */ = {isa = PBXFileReference; fileEncoding = 4; lastKnownFileType = sourcecode.c.h; path = EMSEventsParserDelegate.h; sourceTree = "<group>"; };
		4E1AD63BE5285CC7F6F90AFC /* EMSRootParser.h */ = {isa = PBXFileReference; fileEncoding = 4; lastKnownFileType = sourcecode.c.h; path = EMSRootParser.h; sourceTree = "<group>"; };
		4E1AD6B14458A2997A59456D /* EMSTracking.h */ = {isa = PBXFileReference; fileEncoding = 4; lastKnownFileType = sourcecode.c.h; path = EMSTracking.h; sourceTree = "<group>"; };
		4E1AD7B3AF25B52F352C823B /* EMSRootParserDelegate.h */ = {isa = PBXFileReference; fileEncoding = 4; lastKnownFileType = sourcecode.c.h; path = EMSRootParserDelegate.h; sourceTree = "<group>"; };
		4E1ADA00CE361180FFAC7350 /* EMSSessionsParserDelegate.h */ = {isa = PBXFileReference; fileEncoding = 4; lastKnownFileType = sourcecode.c.h; path = EMSSessionsParserDelegate.h; sourceTree = "<group>"; };
		4E1ADA797F2772220481910D /* EMSRoomsParserDelegate.h */ = {isa = PBXFileReference; fileEncoding = 4; lastKnownFileType = sourcecode.c.h; path = EMSRoomsParserDelegate.h; sourceTree = "<group>"; };
		4E1ADB362D500AD385CAFA9D /* EMSSlotsParserDelegate.h */ = {isa = PBXFileReference; fileEncoding = 4; lastKnownFileType = sourcecode.c.h; path = EMSSlotsParserDelegate.h; sourceTree = "<group>"; };
		4E1ADCA4A8B28565D66D9816 /* EMS-Config.plist */ = {isa = PBXFileReference; fileEncoding = 4; lastKnownFileType = text.plist; path = "EMS-Config.plist"; sourceTree = "<group>"; };
		4E1ADFF5906ECB18F85E943C /* ChangeLog */ = {isa = PBXFileReference; fileEncoding = 4; lastKnownFileType = text; path = ChangeLog; sourceTree = "<group>"; };
		830C7D78176F8B4900D38B46 /* Crashlytics.framework */ = {isa = PBXFileReference; lastKnownFileType = wrapper.framework; path = Crashlytics.framework; sourceTree = "<group>"; };
		833EF2DA1774E49F005E24A3 /* SystemConfiguration.framework */ = {isa = PBXFileReference; lastKnownFileType = wrapper.framework; name = SystemConfiguration.framework; path = System/Library/Frameworks/SystemConfiguration.framework; sourceTree = SDKROOT; };
		836331301770DD2B000F8D95 /* EMSSearchViewController.h */ = {isa = PBXFileReference; fileEncoding = 4; lastKnownFileType = sourcecode.c.h; path = EMSSearchViewController.h; sourceTree = "<group>"; };
		836331311770DD2B000F8D95 /* EMSSearchViewController.m */ = {isa = PBXFileReference; fileEncoding = 4; lastKnownFileType = sourcecode.c.objc; path = EMSSearchViewController.m; sourceTree = "<group>"; };
		8363313B1770F06C000F8D95 /* EMSSearchViewDelegate.h */ = {isa = PBXFileReference; lastKnownFileType = sourcecode.c.h; name = EMSSearchViewDelegate.h; path = ../View/EMSSearchViewDelegate.h; sourceTree = "<group>"; };
		839BD63B176F9BD400900712 /* EMSConference.h */ = {isa = PBXFileReference; fileEncoding = 4; lastKnownFileType = sourcecode.c.h; path = EMSConference.h; sourceTree = "<group>"; };
		839BD63C176F9BD400900712 /* EMSConference.m */ = {isa = PBXFileReference; fileEncoding = 4; lastKnownFileType = sourcecode.c.objc; path = EMSConference.m; sourceTree = "<group>"; };
		839BD63D176F9BD400900712 /* EMSEventsParser.h */ = {isa = PBXFileReference; fileEncoding = 4; lastKnownFileType = sourcecode.c.h; path = EMSEventsParser.h; sourceTree = "<group>"; };
		839BD63E176F9BD400900712 /* EMSEventsParser.m */ = {isa = PBXFileReference; fileEncoding = 4; lastKnownFileType = sourcecode.c.objc; path = EMSEventsParser.m; sourceTree = "<group>"; };
		839BD63F176F9BD400900712 /* EMSDateConverter.h */ = {isa = PBXFileReference; fileEncoding = 4; lastKnownFileType = sourcecode.c.h; path = EMSDateConverter.h; sourceTree = "<group>"; };
		839BD640176F9BD400900712 /* EMSDateConverter.m */ = {isa = PBXFileReference; fileEncoding = 4; lastKnownFileType = sourcecode.c.objc; path = EMSDateConverter.m; sourceTree = "<group>"; };
		839BD641176F9BD400900712 /* EMSRetriever.h */ = {isa = PBXFileReference; fileEncoding = 4; lastKnownFileType = sourcecode.c.h; path = EMSRetriever.h; sourceTree = "<group>"; };
		839BD642176F9BD400900712 /* EMSRetriever.m */ = {isa = PBXFileReference; fileEncoding = 4; lastKnownFileType = sourcecode.c.objc; path = EMSRetriever.m; sourceTree = "<group>"; };
		839BD643176F9BD400900712 /* EMSSpeakersRetrieverDelegate.h */ = {isa = PBXFileReference; fileEncoding = 4; lastKnownFileType = sourcecode.c.h; path = EMSSpeakersRetrieverDelegate.h; sourceTree = "<group>"; };
		839BD644176F9BD400900712 /* EMSRoom.h */ = {isa = PBXFileReference; fileEncoding = 4; lastKnownFileType = sourcecode.c.h; path = EMSRoom.h; sourceTree = "<group>"; };
		839BD645176F9BD400900712 /* EMSRoom.m */ = {isa = PBXFileReference; fileEncoding = 4; lastKnownFileType = sourcecode.c.objc; path = EMSRoom.m; sourceTree = "<group>"; };
		839BD646176F9BD400900712 /* EMSRoomsParser.h */ = {isa = PBXFileReference; fileEncoding = 4; lastKnownFileType = sourcecode.c.h; path = EMSRoomsParser.h; sourceTree = "<group>"; };
		839BD647176F9BD400900712 /* EMSRoomsParser.m */ = {isa = PBXFileReference; fileEncoding = 4; lastKnownFileType = sourcecode.c.objc; path = EMSRoomsParser.m; sourceTree = "<group>"; };
		839BD648176F9BD400900712 /* EMSSession.h */ = {isa = PBXFileReference; fileEncoding = 4; lastKnownFileType = sourcecode.c.h; path = EMSSession.h; sourceTree = "<group>"; };
		839BD649176F9BD400900712 /* EMSSession.m */ = {isa = PBXFileReference; fileEncoding = 4; lastKnownFileType = sourcecode.c.objc; path = EMSSession.m; sourceTree = "<group>"; };
		839BD64A176F9BD400900712 /* EMSSessionsParser.h */ = {isa = PBXFileReference; fileEncoding = 4; lastKnownFileType = sourcecode.c.h; path = EMSSessionsParser.h; sourceTree = "<group>"; };
		839BD64B176F9BD400900712 /* EMSSessionsParser.m */ = {isa = PBXFileReference; fileEncoding = 4; lastKnownFileType = sourcecode.c.objc; path = EMSSessionsParser.m; sourceTree = "<group>"; };
		839BD64C176F9BD400900712 /* EMSSlot.h */ = {isa = PBXFileReference; fileEncoding = 4; lastKnownFileType = sourcecode.c.h; path = EMSSlot.h; sourceTree = "<group>"; };
		839BD64D176F9BD400900712 /* EMSSlot.m */ = {isa = PBXFileReference; fileEncoding = 4; lastKnownFileType = sourcecode.c.objc; path = EMSSlot.m; sourceTree = "<group>"; };
		839BD64E176F9BD400900712 /* EMSSlotsParser.h */ = {isa = PBXFileReference; fileEncoding = 4; lastKnownFileType = sourcecode.c.h; path = EMSSlotsParser.h; sourceTree = "<group>"; };
		839BD64F176F9BD400900712 /* EMSSlotsParser.m */ = {isa = PBXFileReference; fileEncoding = 4; lastKnownFileType = sourcecode.c.objc; path = EMSSlotsParser.m; sourceTree = "<group>"; };
		839BD656176F9BD400900712 /* EMSMainViewController.h */ = {isa = PBXFileReference; fileEncoding = 4; lastKnownFileType = sourcecode.c.h; path = EMSMainViewController.h; sourceTree = "<group>"; };
		839BD657176F9BD400900712 /* EMSMainViewController.m */ = {isa = PBXFileReference; fileEncoding = 4; lastKnownFileType = sourcecode.c.objc; path = EMSMainViewController.m; sourceTree = "<group>"; };
		839BD658176F9BD400900712 /* EMSSettingsViewController.h */ = {isa = PBXFileReference; fileEncoding = 4; lastKnownFileType = sourcecode.c.h; path = EMSSettingsViewController.h; sourceTree = "<group>"; };
		839BD659176F9BD400900712 /* EMSSettingsViewController.m */ = {isa = PBXFileReference; fileEncoding = 4; lastKnownFileType = sourcecode.c.objc; path = EMSSettingsViewController.m; sourceTree = "<group>"; };
		839BD66E176FA67000900712 /* EMSSpeaker.h */ = {isa = PBXFileReference; fileEncoding = 4; lastKnownFileType = sourcecode.c.h; path = EMSSpeaker.h; sourceTree = "<group>"; };
		839BD66F176FA67000900712 /* EMSSpeaker.m */ = {isa = PBXFileReference; fileEncoding = 4; lastKnownFileType = sourcecode.c.objc; path = EMSSpeaker.m; sourceTree = "<group>"; };
		83BF8B6917ECDA4D0093242C /* Images.xcassets */ = {isa = PBXFileReference; lastKnownFileType = folder.assetcatalog; name = Images.xcassets; path = EMS/Images.xcassets; sourceTree = SOURCE_ROOT; };
		83D5CBA217749EEA00527620 /* EMSFeatureConfig.h */ = {isa = PBXFileReference; fileEncoding = 4; lastKnownFileType = sourcecode.c.h; path = EMSFeatureConfig.h; sourceTree = "<group>"; };
		83D5CBA317749EEA00527620 /* EMSFeatureConfig.m */ = {isa = PBXFileReference; fileEncoding = 4; lastKnownFileType = sourcecode.c.objc; path = EMSFeatureConfig.m; sourceTree = "<group>"; };
		83F4559F177D5B5C00BC79A1 /* EMSAboutViewController.h */ = {isa = PBXFileReference; fileEncoding = 4; lastKnownFileType = sourcecode.c.h; path = EMSAboutViewController.h; sourceTree = "<group>"; };
		83F455A0177D5B5C00BC79A1 /* EMSAboutViewController.m */ = {isa = PBXFileReference; fileEncoding = 4; lastKnownFileType = sourcecode.c.objc; path = EMSAboutViewController.m; sourceTree = "<group>"; };
		CDB1071E030B4C928D0D44D6 /* Pods.xcconfig */ = {isa = PBXFileReference; includeInIndex = 1; lastKnownFileType = text.xcconfig; name = Pods.xcconfig; path = Pods/Pods.xcconfig; sourceTree = SOURCE_ROOT; };
		EA11337A19A65B54008D000A /* nb */ = {isa = PBXFileReference; lastKnownFileType = text.plist.strings; name = nb; path = nb.lproj/MainStoryboard_iPhone.strings; sourceTree = "<group>"; };
		EA11337C19A65B5F008D000A /* nb */ = {isa = PBXFileReference; lastKnownFileType = text.plist.strings; name = nb; path = nb.lproj/MainStoryboard_iPad.strings; sourceTree = "<group>"; };
		EA11338619A7A880008D000A /* EMSLocalNotificationManager.m */ = {isa = PBXFileReference; fileEncoding = 4; lastKnownFileType = sourcecode.c.objc; path = EMSLocalNotificationManager.m; sourceTree = "<group>"; };
		EA11338919A7A89F008D000A /* EMSLocalNotificationManager.h */ = {isa = PBXFileReference; fileEncoding = 4; lastKnownFileType = sourcecode.c.h; path = EMSLocalNotificationManager.h; sourceTree = "<group>"; };
		EA1E8F6317E782E8000F2DB7 /* JavaZone.app */ = {isa = PBXFileReference; explicitFileType = wrapper.application; includeInIndex = 0; path = JavaZone.app; sourceTree = BUILT_PRODUCTS_DIR; };
		EA28E8CA19A422D9004AAF81 /* Base */ = {isa = PBXFileReference; lastKnownFileType = file.storyboard; name = Base; path = Base.lproj/MainStoryboard_iPhone.storyboard; sourceTree = "<group>"; };
		EA28E8CB19A422D9004AAF81 /* Base */ = {isa = PBXFileReference; lastKnownFileType = file.storyboard; name = Base; path = Base.lproj/MainStoryboard_iPad.storyboard; sourceTree = "<group>"; };
		EA28E8CE19A422E3004AAF81 /* nb */ = {isa = PBXFileReference; lastKnownFileType = text.plist.strings; name = nb; path = nb.lproj/InfoPlist.strings; sourceTree = "<group>"; };
		EA6132BA193FC35B000F54DC /* EMSConfig.h */ = {isa = PBXFileReference; fileEncoding = 4; lastKnownFileType = sourcecode.c.h; path = EMSConfig.h; sourceTree = "<group>"; };
		EA6132BB193FC35B000F54DC /* EMSConfig.m */ = {isa = PBXFileReference; fileEncoding = 4; lastKnownFileType = sourcecode.c.objc; path = EMSConfig.m; sourceTree = "<group>"; };
		EA74604119A42A3600E24D04 /* EMS-Keys.plist */ = {isa = PBXFileReference; fileEncoding = 4; lastKnownFileType = text.plist.xml; path = "EMS-Keys.plist"; sourceTree = "<group>"; };
		EA81CDDC19AF8F0400FE43A2 /* EMSConferenceRetriever.h */ = {isa = PBXFileReference; fileEncoding = 4; lastKnownFileType = sourcecode.c.h; path = EMSConferenceRetriever.h; sourceTree = "<group>"; };
		EA81CDDD19AF8F0400FE43A2 /* EMSConferenceRetriever.m */ = {isa = PBXFileReference; fileEncoding = 4; lastKnownFileType = sourcecode.c.objc; path = EMSConferenceRetriever.m; sourceTree = "<group>"; };
		EA9ACCBB19A9764500D369C6 /* EMSSessionTitleTableViewCell.h */ = {isa = PBXFileReference; fileEncoding = 4; lastKnownFileType = sourcecode.c.h; path = EMSSessionTitleTableViewCell.h; sourceTree = "<group>"; };
		EA9ACCBC19A9764500D369C6 /* EMSSessionTitleTableViewCell.m */ = {isa = PBXFileReference; fileEncoding = 4; lastKnownFileType = sourcecode.c.objc; path = EMSSessionTitleTableViewCell.m; sourceTree = "<group>"; };
		EACB2E99199EBD1700557D82 /* EMSDefaultTableViewCell.h */ = {isa = PBXFileReference; fileEncoding = 4; lastKnownFileType = sourcecode.c.h; path = EMSDefaultTableViewCell.h; sourceTree = "<group>"; };
		EACB2E9A199EBD1700557D82 /* EMSDefaultTableViewCell.m */ = {isa = PBXFileReference; fileEncoding = 4; lastKnownFileType = sourcecode.c.objc; path = EMSDefaultTableViewCell.m; sourceTree = "<group>"; };
		EAE4330719A52F1C002C3EBA /* en */ = {isa = PBXFileReference; lastKnownFileType = text.plist.strings; name = en; path = en.lproj/Localizable.strings; sourceTree = "<group>"; };
		EAE4330A19A52F28002C3EBA /* nb */ = {isa = PBXFileReference; lastKnownFileType = text.plist.strings; name = nb; path = nb.lproj/Localizable.strings; sourceTree = "<group>"; };
		EAE4330C19A52F75002C3EBA /* en */ = {isa = PBXFileReference; lastKnownFileType = text.html; name = en; path = en.lproj/about.html; sourceTree = "<group>"; };
		EAE4330E19A52F7C002C3EBA /* nb */ = {isa = PBXFileReference; lastKnownFileType = text.html; name = nb; path = nb.lproj/about.html; sourceTree = "<group>"; };
		EAE4331019A52FA5002C3EBA /* en */ = {isa = PBXFileReference; lastKnownFileType = text.html; name = en; path = en.lproj/about.html; sourceTree = "<group>"; };
		EAE4331319A53115002C3EBA /* nb */ = {isa = PBXFileReference; lastKnownFileType = text.html; name = nb; path = nb.lproj/about.html; sourceTree = "<group>"; };
		F30A8CD9192B42FF0066DFD9 /* EMSDetailViewRow.h */ = {isa = PBXFileReference; fileEncoding = 4; lastKnownFileType = sourcecode.c.h; path = EMSDetailViewRow.h; sourceTree = "<group>"; };
		F30A8CDA192B42FF0066DFD9 /* EMSDetailViewRow.m */ = {isa = PBXFileReference; fileEncoding = 4; lastKnownFileType = sourcecode.c.objc; path = EMSDetailViewRow.m; sourceTree = "<group>"; };
		F30A8CE3192B5BE00066DFD9 /* EMSTopAlignCellTableViewCell.h */ = {isa = PBXFileReference; fileEncoding = 4; lastKnownFileType = sourcecode.c.h; path = EMSTopAlignCellTableViewCell.h; sourceTree = "<group>"; };
		F30A8CE4192B5BE00066DFD9 /* EMSTopAlignCellTableViewCell.m */ = {isa = PBXFileReference; fileEncoding = 4; lastKnownFileType = sourcecode.c.objc; path = EMSTopAlignCellTableViewCell.m; sourceTree = "<group>"; };
		F31862351770340200292371 /* EMSDetailViewController.h */ = {isa = PBXFileReference; fileEncoding = 4; lastKnownFileType = sourcecode.c.h; path = EMSDetailViewController.h; sourceTree = "<group>"; };
		F31862361770340200292371 /* EMSDetailViewController.m */ = {isa = PBXFileReference; fileEncoding = 4; lastKnownFileType = sourcecode.c.objc; path = EMSDetailViewController.m; sourceTree = "<group>"; };
		F31862401770501800292371 /* EMSSessionCell.h */ = {isa = PBXFileReference; fileEncoding = 4; lastKnownFileType = sourcecode.c.h; path = EMSSessionCell.h; sourceTree = "<group>"; };
		F31862411770501800292371 /* EMSSessionCell.m */ = {isa = PBXFileReference; fileEncoding = 4; lastKnownFileType = sourcecode.c.objc; path = EMSSessionCell.m; sourceTree = "<group>"; };
		F354B0B81781AA1D007F7B01 /* iTunesArtwork.png */ = {isa = PBXFileReference; lastKnownFileType = image.png; path = iTunesArtwork.png; sourceTree = "<group>"; };
		F354B0B91781AA1D007F7B01 /* iTunesArtwork@2x.png */ = {isa = PBXFileReference; lastKnownFileType = image.png; path = "iTunesArtwork@2x.png"; sourceTree = "<group>"; };
		F35BB6C517685885009077D3 /* UIKit.framework */ = {isa = PBXFileReference; lastKnownFileType = wrapper.framework; name = UIKit.framework; path = System/Library/Frameworks/UIKit.framework; sourceTree = SDKROOT; };
		F35BB6C717685885009077D3 /* Foundation.framework */ = {isa = PBXFileReference; lastKnownFileType = wrapper.framework; name = Foundation.framework; path = System/Library/Frameworks/Foundation.framework; sourceTree = SDKROOT; };
		F35BB6C917685885009077D3 /* CoreGraphics.framework */ = {isa = PBXFileReference; lastKnownFileType = wrapper.framework; name = CoreGraphics.framework; path = System/Library/Frameworks/CoreGraphics.framework; sourceTree = SDKROOT; };
		F35BB6CF17685885009077D3 /* en */ = {isa = PBXFileReference; lastKnownFileType = text.plist.strings; name = en; path = en.lproj/InfoPlist.strings; sourceTree = "<group>"; };
		F35BB6D117685885009077D3 /* main.m */ = {isa = PBXFileReference; lastKnownFileType = sourcecode.c.objc; path = main.m; sourceTree = "<group>"; };
		F35BB6D317685885009077D3 /* EMS-Prefix.pch */ = {isa = PBXFileReference; lastKnownFileType = sourcecode.c.h; path = "EMS-Prefix.pch"; sourceTree = "<group>"; };
		F35BB6D417685885009077D3 /* EMSAppDelegate.h */ = {isa = PBXFileReference; lastKnownFileType = sourcecode.c.h; path = EMSAppDelegate.h; sourceTree = "<group>"; };
		F35BB6D517685885009077D3 /* EMSAppDelegate.m */ = {isa = PBXFileReference; lastKnownFileType = sourcecode.c.objc; path = EMSAppDelegate.m; sourceTree = "<group>"; };
		F37953C917797E41000B7CDD /* EMSAdvancedSearch.h */ = {isa = PBXFileReference; fileEncoding = 4; lastKnownFileType = sourcecode.c.h; path = EMSAdvancedSearch.h; sourceTree = "<group>"; };
		F37953CA17797E41000B7CDD /* EMSAdvancedSearch.m */ = {isa = PBXFileReference; fileEncoding = 4; lastKnownFileType = sourcecode.c.objc; path = EMSAdvancedSearch.m; sourceTree = "<group>"; };
		F37A6ABD17B223390060634D /* EMSCoreDataModel 2.xcdatamodel */ = {isa = PBXFileReference; lastKnownFileType = wrapper.xcdatamodel; path = "EMSCoreDataModel 2.xcdatamodel"; sourceTree = "<group>"; };
		F3939E4F176887090078C709 /* CoreData.framework */ = {isa = PBXFileReference; lastKnownFileType = wrapper.framework; name = CoreData.framework; path = System/Library/Frameworks/CoreData.framework; sourceTree = SDKROOT; };
		F3939E521768879C0078C709 /* EMSCoreDataModel.xcdatamodel */ = {isa = PBXFileReference; lastKnownFileType = wrapper.xcdatamodel; path = EMSCoreDataModel.xcdatamodel; sourceTree = "<group>"; };
		F3939E5F1769C3CD0078C709 /* EMSModel.h */ = {isa = PBXFileReference; fileEncoding = 4; lastKnownFileType = sourcecode.c.h; path = EMSModel.h; sourceTree = "<group>"; };
		F3939E601769C3CD0078C709 /* EMSModel.m */ = {isa = PBXFileReference; fileEncoding = 4; lastKnownFileType = sourcecode.c.objc; path = EMSModel.m; sourceTree = "<group>"; };
		F394C9DE17F0173900FAFBD4 /* flatMap.app */ = {isa = PBXFileReference; explicitFileType = wrapper.application; includeInIndex = 0; path = flatMap.app; sourceTree = BUILT_PRODUCTS_DIR; };
		F394C9E617F01C0300FAFBD4 /* EMS-Config.plist */ = {isa = PBXFileReference; fileEncoding = 4; lastKnownFileType = text.plist.xml; path = "EMS-Config.plist"; sourceTree = "<group>"; };
		F399B73717CF42CC004DE2EC /* EMSConferenceDetailViewController.h */ = {isa = PBXFileReference; fileEncoding = 4; lastKnownFileType = sourcecode.c.h; path = EMSConferenceDetailViewController.h; sourceTree = "<group>"; };
		F399B73817CF42CC004DE2EC /* EMSConferenceDetailViewController.m */ = {isa = PBXFileReference; fileEncoding = 4; lastKnownFileType = sourcecode.c.objc; path = EMSConferenceDetailViewController.m; sourceTree = "<group>"; };
		F3AABDDD19AB1434003D1D1C /* EMSCoreDataModel 4.xcdatamodel */ = {isa = PBXFileReference; lastKnownFileType = wrapper.xcdatamodel; path = "EMSCoreDataModel 4.xcdatamodel"; sourceTree = "<group>"; };
		F3AABDE819AB16C5003D1D1C /* AddTimestampToSpeaker.xcmappingmodel */ = {isa = PBXFileReference; lastKnownFileType = wrapper.xcmappingmodel; path = AddTimestampToSpeaker.xcmappingmodel; sourceTree = "<group>"; };
		F3AE33C51772EA93000EE4A9 /* Speaker.h */ = {isa = PBXFileReference; fileEncoding = 4; lastKnownFileType = sourcecode.c.h; name = Speaker.h; path = EMS/EMSMO/Speaker.h; sourceTree = "<group>"; };
		F3AE33C61772EA93000EE4A9 /* Speaker.m */ = {isa = PBXFileReference; fileEncoding = 4; lastKnownFileType = sourcecode.c.objc; name = Speaker.m; path = EMS/EMSMO/Speaker.m; sourceTree = "<group>"; };
		F3AE33C81772EA93000EE4A9 /* Conference.h */ = {isa = PBXFileReference; fileEncoding = 4; lastKnownFileType = sourcecode.c.h; name = Conference.h; path = EMS/EMSMO/Conference.h; sourceTree = "<group>"; };
		F3AE33C91772EA93000EE4A9 /* Conference.m */ = {isa = PBXFileReference; fileEncoding = 4; lastKnownFileType = sourcecode.c.objc; name = Conference.m; path = EMS/EMSMO/Conference.m; sourceTree = "<group>"; };
		F3AE33CB1772EA93000EE4A9 /* Keyword.h */ = {isa = PBXFileReference; fileEncoding = 4; lastKnownFileType = sourcecode.c.h; name = Keyword.h; path = EMS/EMSMO/Keyword.h; sourceTree = "<group>"; };
		F3AE33CC1772EA93000EE4A9 /* Keyword.m */ = {isa = PBXFileReference; fileEncoding = 4; lastKnownFileType = sourcecode.c.objc; name = Keyword.m; path = EMS/EMSMO/Keyword.m; sourceTree = "<group>"; };
		F3AE33CE1772EA94000EE4A9 /* ConferenceLevel.h */ = {isa = PBXFileReference; fileEncoding = 4; lastKnownFileType = sourcecode.c.h; name = ConferenceLevel.h; path = EMS/EMSMO/ConferenceLevel.h; sourceTree = "<group>"; };
		F3AE33CF1772EA94000EE4A9 /* ConferenceLevel.m */ = {isa = PBXFileReference; fileEncoding = 4; lastKnownFileType = sourcecode.c.objc; name = ConferenceLevel.m; path = EMS/EMSMO/ConferenceLevel.m; sourceTree = "<group>"; };
		F3AE33D11772EA94000EE4A9 /* Room.h */ = {isa = PBXFileReference; fileEncoding = 4; lastKnownFileType = sourcecode.c.h; name = Room.h; path = EMS/EMSMO/Room.h; sourceTree = "<group>"; };
		F3AE33D21772EA94000EE4A9 /* Room.m */ = {isa = PBXFileReference; fileEncoding = 4; lastKnownFileType = sourcecode.c.objc; name = Room.m; path = EMS/EMSMO/Room.m; sourceTree = "<group>"; };
		F3AE33D41772EA94000EE4A9 /* Slot.h */ = {isa = PBXFileReference; fileEncoding = 4; lastKnownFileType = sourcecode.c.h; name = Slot.h; path = EMS/EMSMO/Slot.h; sourceTree = "<group>"; };
		F3AE33D51772EA94000EE4A9 /* Slot.m */ = {isa = PBXFileReference; fileEncoding = 4; lastKnownFileType = sourcecode.c.objc; name = Slot.m; path = EMS/EMSMO/Slot.m; sourceTree = "<group>"; };
		F3AE33D71772EA94000EE4A9 /* ConferenceKeyword.h */ = {isa = PBXFileReference; fileEncoding = 4; lastKnownFileType = sourcecode.c.h; name = ConferenceKeyword.h; path = EMS/EMSMO/ConferenceKeyword.h; sourceTree = "<group>"; };
		F3AE33D81772EA94000EE4A9 /* ConferenceKeyword.m */ = {isa = PBXFileReference; fileEncoding = 4; lastKnownFileType = sourcecode.c.objc; name = ConferenceKeyword.m; path = EMS/EMSMO/ConferenceKeyword.m; sourceTree = "<group>"; };
		F3AE33DA1772EA94000EE4A9 /* ConferenceType.h */ = {isa = PBXFileReference; fileEncoding = 4; lastKnownFileType = sourcecode.c.h; name = ConferenceType.h; path = EMS/EMSMO/ConferenceType.h; sourceTree = "<group>"; };
		F3AE33DB1772EA94000EE4A9 /* ConferenceType.m */ = {isa = PBXFileReference; fileEncoding = 4; lastKnownFileType = sourcecode.c.objc; name = ConferenceType.m; path = EMS/EMSMO/ConferenceType.m; sourceTree = "<group>"; };
		F3AE33DD1772EA94000EE4A9 /* Session.h */ = {isa = PBXFileReference; fileEncoding = 4; lastKnownFileType = sourcecode.c.h; name = Session.h; path = EMS/EMSMO/Session.h; sourceTree = "<group>"; };
		F3AE33DE1772EA94000EE4A9 /* Session.m */ = {isa = PBXFileReference; fileEncoding = 4; lastKnownFileType = sourcecode.c.objc; name = Session.m; path = EMS/EMSMO/Session.m; sourceTree = "<group>"; };
		F3CEA3CE17B224170092776F /* AddVideoLinkMapping.xcmappingmodel */ = {isa = PBXFileReference; lastKnownFileType = wrapper.xcmappingmodel; path = AddVideoLinkMapping.xcmappingmodel; sourceTree = "<group>"; };
		F3D5E2C31770946100888A7E /* style.css */ = {isa = PBXFileReference; fileEncoding = 4; lastKnownFileType = text.css; path = style.css; sourceTree = "<group>"; };
		F3D5E2C517709CD000888A7E /* EMSSpeakersParser.h */ = {isa = PBXFileReference; fileEncoding = 4; lastKnownFileType = sourcecode.c.h; path = EMSSpeakersParser.h; sourceTree = "<group>"; };
		F3D5E2C617709CD000888A7E /* EMSSpeakersParser.m */ = {isa = PBXFileReference; fileEncoding = 4; lastKnownFileType = sourcecode.c.objc; path = EMSSpeakersParser.m; sourceTree = "<group>"; };
		F3E601E01772F7EC000673AE /* EventKit.framework */ = {isa = PBXFileReference; lastKnownFileType = wrapper.framework; name = EventKit.framework; path = System/Library/Frameworks/EventKit.framework; sourceTree = SDKROOT; };
/* End PBXFileReference section */

/* Begin PBXFrameworksBuildPhase section */
		F35BB6BF17685885009077D3 /* Frameworks */ = {
			isa = PBXFrameworksBuildPhase;
			buildActionMask = 2147483647;
			files = (
				833EF2DB1774E49F005E24A3 /* SystemConfiguration.framework in Frameworks */,
				F3E601E11772F7EC000673AE /* EventKit.framework in Frameworks */,
				F3939E50176887090078C709 /* CoreData.framework in Frameworks */,
				F35BB6C617685885009077D3 /* UIKit.framework in Frameworks */,
				F35BB6C817685885009077D3 /* Foundation.framework in Frameworks */,
				F35BB6CA17685885009077D3 /* CoreGraphics.framework in Frameworks */,
				830C7D79176F8B4900D38B46 /* Crashlytics.framework in Frameworks */,
				85E86E298BD74799AE57514E /* libPods.a in Frameworks */,
			);
			runOnlyForDeploymentPostprocessing = 0;
		};
		F394C99517F0173900FAFBD4 /* Frameworks */ = {
			isa = PBXFrameworksBuildPhase;
			buildActionMask = 2147483647;
			files = (
				F394C99617F0173900FAFBD4 /* SystemConfiguration.framework in Frameworks */,
				F394C99717F0173900FAFBD4 /* EventKit.framework in Frameworks */,
				F394C99817F0173900FAFBD4 /* CoreData.framework in Frameworks */,
				F394C99917F0173900FAFBD4 /* UIKit.framework in Frameworks */,
				F394C99A17F0173900FAFBD4 /* Foundation.framework in Frameworks */,
				F394C99B17F0173900FAFBD4 /* CoreGraphics.framework in Frameworks */,
				F394C99C17F0173900FAFBD4 /* Crashlytics.framework in Frameworks */,
				F394C99E17F0173900FAFBD4 /* libPods.a in Frameworks */,
			);
			runOnlyForDeploymentPostprocessing = 0;
		};
/* End PBXFrameworksBuildPhase section */

/* Begin PBXGroup section */
		839BD637176F9BD400900712 /* Config */ = {
			isa = PBXGroup;
			children = (
			);
			name = Config;
			path = EMS/Config;
			sourceTree = "<group>";
		};
		839BD63A176F9BD400900712 /* EMS */ = {
			isa = PBXGroup;
			children = (
				839BD63B176F9BD400900712 /* EMSConference.h */,
				839BD63C176F9BD400900712 /* EMSConference.m */,
				839BD63E176F9BD400900712 /* EMSEventsParser.m */,
				839BD63D176F9BD400900712 /* EMSEventsParser.h */,
				839BD63F176F9BD400900712 /* EMSDateConverter.h */,
				839BD640176F9BD400900712 /* EMSDateConverter.m */,
				8363313B1770F06C000F8D95 /* EMSSearchViewDelegate.h */,
				839BD641176F9BD400900712 /* EMSRetriever.h */,
				839BD642176F9BD400900712 /* EMSRetriever.m */,
				EA81CDDC19AF8F0400FE43A2 /* EMSConferenceRetriever.h */,
				EA81CDDD19AF8F0400FE43A2 /* EMSConferenceRetriever.m */,
				839BD643176F9BD400900712 /* EMSSpeakersRetrieverDelegate.h */,
				839BD644176F9BD400900712 /* EMSRoom.h */,
				839BD645176F9BD400900712 /* EMSRoom.m */,
				839BD646176F9BD400900712 /* EMSRoomsParser.h */,
				839BD647176F9BD400900712 /* EMSRoomsParser.m */,
				839BD648176F9BD400900712 /* EMSSession.h */,
				839BD649176F9BD400900712 /* EMSSession.m */,
				839BD64A176F9BD400900712 /* EMSSessionsParser.h */,
				839BD64B176F9BD400900712 /* EMSSessionsParser.m */,
				839BD64C176F9BD400900712 /* EMSSlot.h */,
				839BD64D176F9BD400900712 /* EMSSlot.m */,
				839BD64E176F9BD400900712 /* EMSSlotsParser.h */,
				839BD64F176F9BD400900712 /* EMSSlotsParser.m */,
				839BD66E176FA67000900712 /* EMSSpeaker.h */,
				839BD66F176FA67000900712 /* EMSSpeaker.m */,
				F3D5E2C517709CD000888A7E /* EMSSpeakersParser.h */,
				F3D5E2C617709CD000888A7E /* EMSSpeakersParser.m */,
				EA6132BA193FC35B000F54DC /* EMSConfig.h */,
				EA6132BB193FC35B000F54DC /* EMSConfig.m */,
				4E1AD4BD3EA75DE0EA2F36CD /* EMSRootParser.m */,
				4E1AD63BE5285CC7F6F90AFC /* EMSRootParser.h */,
				4E1AD5906A3F485CAB5C75AB /* EMSEventsParserDelegate.h */,
				4E1ADA797F2772220481910D /* EMSRoomsParserDelegate.h */,
				4E1AD7B3AF25B52F352C823B /* EMSRootParserDelegate.h */,
				4E1ADA00CE361180FFAC7350 /* EMSSessionsParserDelegate.h */,
				4E1ADB362D500AD385CAFA9D /* EMSSlotsParserDelegate.h */,
				4E1AD3429BD33789CEAB8981 /* EMSSpeakersParserDelegate.h */,
			);
			name = EMS;
			path = EMS/EMS;
			sourceTree = "<group>";
		};
		839BD654176F9BD400900712 /* View */ = {
			isa = PBXGroup;
			children = (
				839BD656176F9BD400900712 /* EMSMainViewController.h */,
				839BD657176F9BD400900712 /* EMSMainViewController.m */,
				839BD658176F9BD400900712 /* EMSSettingsViewController.h */,
				839BD659176F9BD400900712 /* EMSSettingsViewController.m */,
				F31862351770340200292371 /* EMSDetailViewController.h */,
				F31862361770340200292371 /* EMSDetailViewController.m */,
				F31862401770501800292371 /* EMSSessionCell.h */,
				F31862411770501800292371 /* EMSSessionCell.m */,
				836331301770DD2B000F8D95 /* EMSSearchViewController.h */,
				836331311770DD2B000F8D95 /* EMSSearchViewController.m */,
				83F4559F177D5B5C00BC79A1 /* EMSAboutViewController.h */,
				83F455A0177D5B5C00BC79A1 /* EMSAboutViewController.m */,
				F399B73717CF42CC004DE2EC /* EMSConferenceDetailViewController.h */,
				F399B73817CF42CC004DE2EC /* EMSConferenceDetailViewController.m */,
				F30A8CD9192B42FF0066DFD9 /* EMSDetailViewRow.h */,
				F30A8CDA192B42FF0066DFD9 /* EMSDetailViewRow.m */,
				F30A8CE3192B5BE00066DFD9 /* EMSTopAlignCellTableViewCell.h */,
				F30A8CE4192B5BE00066DFD9 /* EMSTopAlignCellTableViewCell.m */,
				EACB2E99199EBD1700557D82 /* EMSDefaultTableViewCell.h */,
				EACB2E9A199EBD1700557D82 /* EMSDefaultTableViewCell.m */,
				EA9ACCBB19A9764500D369C6 /* EMSSessionTitleTableViewCell.h */,
				EA9ACCBC19A9764500D369C6 /* EMSSessionTitleTableViewCell.m */,
			);
			name = View;
			path = EMS/View;
			sourceTree = "<group>";
		};
		83AF91B51772053600FAE20F /* EMSMO */ = {
			isa = PBXGroup;
			children = (
				1504124E19ABDDA500051E04 /* SpeakerPic.h */,
				1504124F19ABDDA500051E04 /* SpeakerPic.m */,
				F3AE33DD1772EA94000EE4A9 /* Session.h */,
				F3AE33DE1772EA94000EE4A9 /* Session.m */,
				F3AE33DA1772EA94000EE4A9 /* ConferenceType.h */,
				F3AE33DB1772EA94000EE4A9 /* ConferenceType.m */,
				F3AE33D71772EA94000EE4A9 /* ConferenceKeyword.h */,
				F3AE33D81772EA94000EE4A9 /* ConferenceKeyword.m */,
				F3AE33D41772EA94000EE4A9 /* Slot.h */,
				F3AE33D51772EA94000EE4A9 /* Slot.m */,
				F3AE33D11772EA94000EE4A9 /* Room.h */,
				F3AE33D21772EA94000EE4A9 /* Room.m */,
				F3AE33CE1772EA94000EE4A9 /* ConferenceLevel.h */,
				F3AE33CF1772EA94000EE4A9 /* ConferenceLevel.m */,
				F3AE33CB1772EA93000EE4A9 /* Keyword.h */,
				F3AE33CC1772EA93000EE4A9 /* Keyword.m */,
				F3AE33C81772EA93000EE4A9 /* Conference.h */,
				F3AE33C91772EA93000EE4A9 /* Conference.m */,
				F3AE33C51772EA93000EE4A9 /* Speaker.h */,
				F3AE33C61772EA93000EE4A9 /* Speaker.m */,
			);
			name = EMSMO;
			sourceTree = "<group>";
		};
		EA11337D19A6A49A008D000A /* Notifications */ = {
			isa = PBXGroup;
			children = (
				EA11338919A7A89F008D000A /* EMSLocalNotificationManager.h */,
				EA11338619A7A880008D000A /* EMSLocalNotificationManager.m */,
			);
			name = Notifications;
			sourceTree = "<group>";
		};
		F35BB6B917685885009077D3 = {
			isa = PBXGroup;
			children = (
				EA11337D19A6A49A008D000A /* Notifications */,
				F394C9E117F019F600FAFBD4 /* flatMap */,
				F394C9E017F019E400FAFBD4 /* JavaZone */,
				839BD637176F9BD400900712 /* Config */,
				83AF91B51772053600FAE20F /* EMSMO */,
				839BD654176F9BD400900712 /* View */,
				839BD63A176F9BD400900712 /* EMS */,
				F35BB6CB17685885009077D3 /* App */,
				F35BB6C417685885009077D3 /* Frameworks */,
				CDB1071E030B4C928D0D44D6 /* Pods.xcconfig */,
				EA1E8F6317E782E8000F2DB7 /* JavaZone.app */,
				F394C9DE17F0173900FAFBD4 /* flatMap.app */,
				4E1AD0EE5411335585333A2F /* README.md */,
				4E1ADFF5906ECB18F85E943C /* ChangeLog */,
			);
			sourceTree = "<group>";
		};
		F35BB6C417685885009077D3 /* Frameworks */ = {
			isa = PBXGroup;
			children = (
				833EF2DA1774E49F005E24A3 /* SystemConfiguration.framework */,
				F3E601E01772F7EC000673AE /* EventKit.framework */,
				830C7D78176F8B4900D38B46 /* Crashlytics.framework */,
				F3939E4F176887090078C709 /* CoreData.framework */,
				F35BB6C517685885009077D3 /* UIKit.framework */,
				F35BB6C717685885009077D3 /* Foundation.framework */,
				F35BB6C917685885009077D3 /* CoreGraphics.framework */,
				0C5F2910AEBD4413B205CE89 /* libPods.a */,
			);
			name = Frameworks;
			sourceTree = "<group>";
		};
		F35BB6CB17685885009077D3 /* App */ = {
			isa = PBXGroup;
			children = (
				83BF8B6917ECDA4D0093242C /* Images.xcassets */,
				F3939E511768879C0078C709 /* EMSCoreDataModel.xcdatamodeld */,
				15204C1E18DB84070062874A /* RemoveSlugMapping.xcmappingmodel */,
				F3CEA3CE17B224170092776F /* AddVideoLinkMapping.xcmappingmodel */,
				F35BB6D417685885009077D3 /* EMSAppDelegate.h */,
				F35BB6D517685885009077D3 /* EMSAppDelegate.m */,
				F35BB6DD17685885009077D3 /* MainStoryboard_iPhone.storyboard */,
				F35BB6E017685885009077D3 /* MainStoryboard_iPad.storyboard */,
				F35BB6CC17685885009077D3 /* Supporting Files */,
				F3939E5F1769C3CD0078C709 /* EMSModel.h */,
				F3939E601769C3CD0078C709 /* EMSModel.m */,
				83D5CBA217749EEA00527620 /* EMSFeatureConfig.h */,
				83D5CBA317749EEA00527620 /* EMSFeatureConfig.m */,
				F37953C917797E41000B7CDD /* EMSAdvancedSearch.h */,
				F37953CA17797E41000B7CDD /* EMSAdvancedSearch.m */,
				4E1AD28B5453F46BA68AAF34 /* EMSTracking.m */,
				4E1AD6B14458A2997A59456D /* EMSTracking.h */,
				F3AABDE819AB16C5003D1D1C /* AddTimestampToSpeaker.xcmappingmodel */,
			);
			name = App;
			path = EMS;
			sourceTree = "<group>";
		};
		F35BB6CC17685885009077D3 /* Supporting Files */ = {
			isa = PBXGroup;
			children = (
				EAE4330619A52F1C002C3EBA /* Localizable.strings */,
				F35BB6CE17685885009077D3 /* InfoPlist.strings */,
				F35BB6D117685885009077D3 /* main.m */,
				F35BB6D317685885009077D3 /* EMS-Prefix.pch */,
				F3D5E2C31770946100888A7E /* style.css */,
			);
			name = "Supporting Files";
			sourceTree = "<group>";
		};
		F394C9E017F019E400FAFBD4 /* JavaZone */ = {
			isa = PBXGroup;
			children = (
				EAE4330D19A52F75002C3EBA /* about.html */,
				F354B0B81781AA1D007F7B01 /* iTunesArtwork.png */,
				F354B0B91781AA1D007F7B01 /* iTunesArtwork@2x.png */,
				4E1AD00D04FA079A848CDAE5 /* JavaZone-Info.plist */,
				4E1ADCA4A8B28565D66D9816 /* EMS-Config.plist */,
			);
			path = JavaZone;
			sourceTree = "<group>";
		};
		F394C9E117F019F600FAFBD4 /* flatMap */ = {
			isa = PBXGroup;
			children = (
				EAE4331119A52FA5002C3EBA /* about.html */,
				F394C9E617F01C0300FAFBD4 /* EMS-Config.plist */,
				4E1AD0E07B70D148B519768B /* flatMap-Info.plist */,
				EA74604119A42A3600E24D04 /* EMS-Keys.plist */,
			);
			path = flatMap;
			sourceTree = "<group>";
		};
/* End PBXGroup section */

/* Begin PBXNativeTarget section */
		F35BB6C117685885009077D3 /* JavaZone */ = {
			isa = PBXNativeTarget;
			buildConfigurationList = F35BB6E817685885009077D3 /* Build configuration list for PBXNativeTarget "JavaZone" */;
			buildPhases = (
				F15340BFC7864A9580FD3334 /* Check Pods Manifest.lock */,
				F35BB6BE17685885009077D3 /* Sources */,
				F35BB6BF17685885009077D3 /* Frameworks */,
				F35BB6C017685885009077D3 /* Resources */,
				830C7D77176F8AB200D38B46 /* ShellScript */,
				4A77BC0944B9460287F79FE8 /* Copy Pods Resources */,
			);
			buildRules = (
			);
			dependencies = (
			);
			name = JavaZone;
			productName = EMS;
			productReference = EA1E8F6317E782E8000F2DB7 /* JavaZone.app */;
			productType = "com.apple.product-type.application";
		};
		F394C96E17F0173900FAFBD4 /* flatMap */ = {
			isa = PBXNativeTarget;
			buildConfigurationList = F394C9DA17F0173900FAFBD4 /* Build configuration list for PBXNativeTarget "flatMap" */;
			buildPhases = (
				F394C96F17F0173900FAFBD4 /* Check Pods Manifest.lock */,
				F394C97017F0173900FAFBD4 /* Sources */,
				F394C99517F0173900FAFBD4 /* Frameworks */,
				F394C99F17F0173900FAFBD4 /* Resources */,
				F394C9D817F0173900FAFBD4 /* ShellScript */,
				F394C9D917F0173900FAFBD4 /* Copy Pods Resources */,
			);
			buildRules = (
			);
			dependencies = (
			);
			name = flatMap;
			productName = EMS;
			productReference = F394C9DE17F0173900FAFBD4 /* flatMap.app */;
			productType = "com.apple.product-type.application";
		};
/* End PBXNativeTarget section */

/* Begin PBXProject section */
		F35BB6BA17685885009077D3 /* Project object */ = {
			isa = PBXProject;
			attributes = {
				CLASSPREFIX = EMS;
				LastUpgradeCheck = 0460;
				ORGANIZATIONNAME = "Chris Searle";
				TargetAttributes = {
					F35BB6C117685885009077D3 = {
						DevelopmentTeam = 8WE6452SWH;
					};
					F394C96E17F0173900FAFBD4 = {
						DevelopmentTeam = 8WE6452SWH;
					};
				};
			};
			buildConfigurationList = F35BB6BD17685885009077D3 /* Build configuration list for PBXProject "EMS" */;
			compatibilityVersion = "Xcode 3.2";
			developmentRegion = English;
			hasScannedForEncodings = 0;
			knownRegions = (
				en,
				Base,
				nb,
			);
			mainGroup = F35BB6B917685885009077D3;
			productRefGroup = F35BB6B917685885009077D3;
			projectDirPath = "";
			projectRoot = "";
			targets = (
				F35BB6C117685885009077D3 /* JavaZone */,
				F394C96E17F0173900FAFBD4 /* flatMap */,
			);
		};
/* End PBXProject section */

/* Begin PBXResourcesBuildPhase section */
		F35BB6C017685885009077D3 /* Resources */ = {
			isa = PBXResourcesBuildPhase;
			buildActionMask = 2147483647;
			files = (
				EAE2CF4F19A934B0002F44FC /* MainStoryboard_iPhone.storyboard in Resources */,
				EAE2CF5019A934B3002F44FC /* MainStoryboard_iPad.storyboard in Resources */,
				F35BB6D017685885009077D3 /* InfoPlist.strings in Resources */,
				F3D5E2C41770946100888A7E /* style.css in Resources */,
				EAE4330B19A52F75002C3EBA /* about.html in Resources */,
				83BF8B6A17ECDA4D0093242C /* Images.xcassets in Resources */,
				EAE4330819A52F1C002C3EBA /* Localizable.strings in Resources */,
				F354B0BA1781AA1D007F7B01 /* iTunesArtwork.png in Resources */,
				F354B0BB1781AA1D007F7B01 /* iTunesArtwork@2x.png in Resources */,
				4E1ADFF1BCEBD89ABF3ACAE4 /* README.md in Resources */,
				4E1AD738AAB8C89E2FF89CB1 /* ChangeLog in Resources */,
				4E1AD77617AC893954D9A3D7 /* EMS-Config.plist in Resources */,
			);
			runOnlyForDeploymentPostprocessing = 0;
		};
		F394C99F17F0173900FAFBD4 /* Resources */ = {
			isa = PBXResourcesBuildPhase;
			buildActionMask = 2147483647;
			files = (
				EAE2CF5119A934D2002F44FC /* MainStoryboard_iPhone.storyboard in Resources */,
				EAE2CF5219A934DD002F44FC /* MainStoryboard_iPad.storyboard in Resources */,
				F394C9A017F0173900FAFBD4 /* InfoPlist.strings in Resources */,
				F394C9B517F0173900FAFBD4 /* style.css in Resources */,
				EAE4330F19A52FA5002C3EBA /* about.html in Resources */,
				F394C9E717F01C0300FAFBD4 /* EMS-Config.plist in Resources */,
				EA74604219A42A3600E24D04 /* EMS-Keys.plist in Resources */,
				EAE4330919A52F1C002C3EBA /* Localizable.strings in Resources */,
				F394C9C817F0173900FAFBD4 /* Images.xcassets in Resources */,
				F394C9CE17F0173900FAFBD4 /* iTunesArtwork.png in Resources */,
				F394C9CF17F0173900FAFBD4 /* iTunesArtwork@2x.png in Resources */,
				4E1AD52D6C458D6D36CECFBA /* README.md in Resources */,
				4E1ADC3468CFC054FD549975 /* ChangeLog in Resources */,
			);
			runOnlyForDeploymentPostprocessing = 0;
		};
/* End PBXResourcesBuildPhase section */

/* Begin PBXShellScriptBuildPhase section */
		4A77BC0944B9460287F79FE8 /* Copy Pods Resources */ = {
			isa = PBXShellScriptBuildPhase;
			buildActionMask = 2147483647;
			files = (
			);
			inputPaths = (
			);
			name = "Copy Pods Resources";
			outputPaths = (
			);
			runOnlyForDeploymentPostprocessing = 0;
			shellPath = /bin/sh;
			shellScript = "\"${SRCROOT}/Pods/Pods-resources.sh\"\n";
			showEnvVarsInLog = 0;
		};
		830C7D77176F8AB200D38B46 /* ShellScript */ = {
			isa = PBXShellScriptBuildPhase;
			buildActionMask = 2147483647;
			files = (
			);
			inputPaths = (
			);
			outputPaths = (
			);
			runOnlyForDeploymentPostprocessing = 0;
			shellPath = /bin/sh;
			shellScript = "if [ \"${EMS_RUN_CRASHLYTICS}\" == \"1\" ]\nthen\n    ./Crashlytics.framework/run 76243485dba0d4938b2917f78d8106a6ff1d0d0b\nfi";
		};
		F15340BFC7864A9580FD3334 /* Check Pods Manifest.lock */ = {
			isa = PBXShellScriptBuildPhase;
			buildActionMask = 2147483647;
			files = (
			);
			inputPaths = (
			);
			name = "Check Pods Manifest.lock";
			outputPaths = (
			);
			runOnlyForDeploymentPostprocessing = 0;
			shellPath = /bin/sh;
			shellScript = "diff \"${PODS_ROOT}/../Podfile.lock\" \"${PODS_ROOT}/Manifest.lock\" > /dev/null\nif [[ $? != 0 ]] ; then\n    cat << EOM\nerror: The sandbox is not in sync with the Podfile.lock. Run 'pod install' or update your CocoaPods installation.\nEOM\n    exit 1\nfi\n";
			showEnvVarsInLog = 0;
		};
		F394C96F17F0173900FAFBD4 /* Check Pods Manifest.lock */ = {
			isa = PBXShellScriptBuildPhase;
			buildActionMask = 2147483647;
			files = (
			);
			inputPaths = (
			);
			name = "Check Pods Manifest.lock";
			outputPaths = (
			);
			runOnlyForDeploymentPostprocessing = 0;
			shellPath = /bin/sh;
			shellScript = "diff \"${PODS_ROOT}/../Podfile.lock\" \"${PODS_ROOT}/Manifest.lock\" > /dev/null\nif [[ $? != 0 ]] ; then\n    cat << EOM\nerror: The sandbox is not in sync with the Podfile.lock. Run 'pod install' or update your CocoaPods installation.\nEOM\n    exit 1\nfi\n";
			showEnvVarsInLog = 0;
		};
		F394C9D817F0173900FAFBD4 /* ShellScript */ = {
			isa = PBXShellScriptBuildPhase;
			buildActionMask = 2147483647;
			files = (
			);
			inputPaths = (
			);
			outputPaths = (
			);
			runOnlyForDeploymentPostprocessing = 0;
			shellPath = /bin/sh;
			shellScript = "if [ \"${EMS_RUN_CRASHLYTICS}\" == \"1\" ]\nthen\n./Crashlytics.framework/run 76243485dba0d4938b2917f78d8106a6ff1d0d0b\nfi";
		};
		F394C9D917F0173900FAFBD4 /* Copy Pods Resources */ = {
			isa = PBXShellScriptBuildPhase;
			buildActionMask = 2147483647;
			files = (
			);
			inputPaths = (
			);
			name = "Copy Pods Resources";
			outputPaths = (
			);
			runOnlyForDeploymentPostprocessing = 0;
			shellPath = /bin/sh;
			shellScript = "\"${SRCROOT}/Pods/Pods-resources.sh\"\n";
			showEnvVarsInLog = 0;
		};
/* End PBXShellScriptBuildPhase section */

/* Begin PBXSourcesBuildPhase section */
		F35BB6BE17685885009077D3 /* Sources */ = {
			isa = PBXSourcesBuildPhase;
			buildActionMask = 2147483647;
			files = (
				1504125219ABE17400051E04 /* Speaker.m in Sources */,
				F35BB6D217685885009077D3 /* main.m in Sources */,
				EA6132BC193FC35B000F54DC /* EMSConfig.m in Sources */,
				F35BB6D617685885009077D3 /* EMSAppDelegate.m in Sources */,
				F3939E531768879C0078C709 /* EMSCoreDataModel.xcdatamodeld in Sources */,
				F3939E611769C3CE0078C709 /* EMSModel.m in Sources */,
				839BD65E176F9BD400900712 /* EMSConference.m in Sources */,
				839BD65F176F9BD400900712 /* EMSEventsParser.m in Sources */,
				15204C1F18DB84070062874A /* RemoveSlugMapping.xcmappingmodel in Sources */,
				839BD660176F9BD400900712 /* EMSDateConverter.m in Sources */,
				839BD661176F9BD400900712 /* EMSRetriever.m in Sources */,
				839BD662176F9BD400900712 /* EMSRoom.m in Sources */,
				839BD663176F9BD400900712 /* EMSRoomsParser.m in Sources */,
				839BD664176F9BD400900712 /* EMSSession.m in Sources */,
				839BD665176F9BD400900712 /* EMSSessionsParser.m in Sources */,
				839BD666176F9BD400900712 /* EMSSlot.m in Sources */,
				839BD667176F9BD400900712 /* EMSSlotsParser.m in Sources */,
				839BD66B176F9BD400900712 /* EMSMainViewController.m in Sources */,
				EA11338719A7A880008D000A /* EMSLocalNotificationManager.m in Sources */,
				839BD66C176F9BD400900712 /* EMSSettingsViewController.m in Sources */,
				839BD670176FA67000900712 /* EMSSpeaker.m in Sources */,
				F31862371770340200292371 /* EMSDetailViewController.m in Sources */,
				F31862421770501800292371 /* EMSSessionCell.m in Sources */,
				F3D5E2C717709CD100888A7E /* EMSSpeakersParser.m in Sources */,
				F30A8CE5192B5BE00066DFD9 /* EMSTopAlignCellTableViewCell.m in Sources */,
				836331321770DD2B000F8D95 /* EMSSearchViewController.m in Sources */,
				EACB2E9B199EBD1700557D82 /* EMSDefaultTableViewCell.m in Sources */,
				F3AE33CA1772EA93000EE4A9 /* Conference.m in Sources */,
				F3AABDE919AB16C6003D1D1C /* AddTimestampToSpeaker.xcmappingmodel in Sources */,
				F3AE33CD1772EA93000EE4A9 /* Keyword.m in Sources */,
				F3AE33D01772EA94000EE4A9 /* ConferenceLevel.m in Sources */,
				F3AE33D31772EA94000EE4A9 /* Room.m in Sources */,
				F3AE33D61772EA94000EE4A9 /* Slot.m in Sources */,
				F3AE33D91772EA94000EE4A9 /* ConferenceKeyword.m in Sources */,
				F30A8CDB192B42FF0066DFD9 /* EMSDetailViewRow.m in Sources */,
				F3AE33DC1772EA94000EE4A9 /* ConferenceType.m in Sources */,
				F3AE33DF1772EA94000EE4A9 /* Session.m in Sources */,
				EA9ACCBD19A9764500D369C6 /* EMSSessionTitleTableViewCell.m in Sources */,
				83D5CBA417749EEA00527620 /* EMSFeatureConfig.m in Sources */,
				F37953CB17797E41000B7CDD /* EMSAdvancedSearch.m in Sources */,
				83F455A1177D5B5C00BC79A1 /* EMSAboutViewController.m in Sources */,
				1504125019ABDDA500051E04 /* SpeakerPic.m in Sources */,
				F3CEA3CF17B224170092776F /* AddVideoLinkMapping.xcmappingmodel in Sources */,
				F399B73917CF42CC004DE2EC /* EMSConferenceDetailViewController.m in Sources */,
				4E1AD35397D90DE204F516F2 /* EMSTracking.m in Sources */,
				4E1AD544AAC6B214D51DD9BC /* EMSRootParser.m in Sources */,
				EA81CDDE19AF8F0400FE43A2 /* EMSConferenceRetriever.m in Sources */,
			);
			runOnlyForDeploymentPostprocessing = 0;
		};
		F394C97017F0173900FAFBD4 /* Sources */ = {
			isa = PBXSourcesBuildPhase;
			buildActionMask = 2147483647;
			files = (
				1504125319ABE19200051E04 /* Speaker.m in Sources */,
				F394C97117F0173900FAFBD4 /* main.m in Sources */,
				F394C97217F0173900FAFBD4 /* EMSAppDelegate.m in Sources */,
				F394C97317F0173900FAFBD4 /* EMSCoreDataModel.xcdatamodeld in Sources */,
				F394C97417F0173900FAFBD4 /* EMSModel.m in Sources */,
				F394C97517F0173900FAFBD4 /* EMSConference.m in Sources */,
				F394C97617F0173900FAFBD4 /* EMSEventsParser.m in Sources */,
				15204C2018DB84070062874A /* RemoveSlugMapping.xcmappingmodel in Sources */,
				F394C97717F0173900FAFBD4 /* EMSDateConverter.m in Sources */,
				F394C97817F0173900FAFBD4 /* EMSRetriever.m in Sources */,
				F394C97917F0173900FAFBD4 /* EMSRoom.m in Sources */,
				F394C97A17F0173900FAFBD4 /* EMSRoomsParser.m in Sources */,
				F394C97B17F0173900FAFBD4 /* EMSSession.m in Sources */,
				F394C97C17F0173900FAFBD4 /* EMSSessionsParser.m in Sources */,
				F394C97D17F0173900FAFBD4 /* EMSSlot.m in Sources */,
				F394C97E17F0173900FAFBD4 /* EMSSlotsParser.m in Sources */,
				F394C97F17F0173900FAFBD4 /* EMSMainViewController.m in Sources */,
				F394C98017F0173900FAFBD4 /* EMSSettingsViewController.m in Sources */,
				EA11338819A7A880008D000A /* EMSLocalNotificationManager.m in Sources */,
				F394C98217F0173900FAFBD4 /* EMSSpeaker.m in Sources */,
				F394C98317F0173900FAFBD4 /* EMSDetailViewController.m in Sources */,
				F394C98417F0173900FAFBD4 /* EMSSessionCell.m in Sources */,
				F394C98517F0173900FAFBD4 /* EMSSpeakersParser.m in Sources */,
				F30A8CE6192B5BE00066DFD9 /* EMSTopAlignCellTableViewCell.m in Sources */,
				F394C98617F0173900FAFBD4 /* EMSSearchViewController.m in Sources */,
				F394C98817F0173900FAFBD4 /* Conference.m in Sources */,
				EACB2E9C199EBD1700557D82 /* EMSDefaultTableViewCell.m in Sources */,
				F394C98917F0173900FAFBD4 /* Keyword.m in Sources */,
				F3AABDEA19AB16C6003D1D1C /* AddTimestampToSpeaker.xcmappingmodel in Sources */,
				F394C98A17F0173900FAFBD4 /* ConferenceLevel.m in Sources */,
				F394C98B17F0173900FAFBD4 /* Room.m in Sources */,
				F394C98C17F0173900FAFBD4 /* Slot.m in Sources */,
				F394C98D17F0173900FAFBD4 /* ConferenceKeyword.m in Sources */,
				F30A8CDC192B42FF0066DFD9 /* EMSDetailViewRow.m in Sources */,
				F394C98E17F0173900FAFBD4 /* ConferenceType.m in Sources */,
				F394C98F17F0173900FAFBD4 /* Session.m in Sources */,
				EA8F2C831944CCB7002EAE1F /* EMSConfig.m in Sources */,
				EA9ACCBE19A9764500D369C6 /* EMSSessionTitleTableViewCell.m in Sources */,
				F394C99017F0173900FAFBD4 /* EMSFeatureConfig.m in Sources */,
				F394C99117F0173900FAFBD4 /* EMSAdvancedSearch.m in Sources */,
				F394C99217F0173900FAFBD4 /* EMSAboutViewController.m in Sources */,
				1504125119ABDDA500051E04 /* SpeakerPic.m in Sources */,
				F394C99317F0173900FAFBD4 /* AddVideoLinkMapping.xcmappingmodel in Sources */,
				F394C99417F0173900FAFBD4 /* EMSConferenceDetailViewController.m in Sources */,
				4E1AD00E5B0570877570A148 /* EMSTracking.m in Sources */,
				4E1AD3DC51344037FDC2CFFC /* EMSRootParser.m in Sources */,
				EA81CDDF19AF8F0400FE43A2 /* EMSConferenceRetriever.m in Sources */,
			);
			runOnlyForDeploymentPostprocessing = 0;
		};
/* End PBXSourcesBuildPhase section */

/* Begin PBXVariantGroup section */
		EAE4330619A52F1C002C3EBA /* Localizable.strings */ = {
			isa = PBXVariantGroup;
			children = (
				EAE4330719A52F1C002C3EBA /* en */,
				EAE4330A19A52F28002C3EBA /* nb */,
			);
			name = Localizable.strings;
			sourceTree = "<group>";
		};
		EAE4330D19A52F75002C3EBA /* about.html */ = {
			isa = PBXVariantGroup;
			children = (
				EAE4330C19A52F75002C3EBA /* en */,
				EAE4330E19A52F7C002C3EBA /* nb */,
			);
			name = about.html;
			sourceTree = "<group>";
		};
		EAE4331119A52FA5002C3EBA /* about.html */ = {
			isa = PBXVariantGroup;
			children = (
				EAE4331019A52FA5002C3EBA /* en */,
				EAE4331319A53115002C3EBA /* nb */,
			);
			name = about.html;
			sourceTree = "<group>";
		};
		F35BB6CE17685885009077D3 /* InfoPlist.strings */ = {
			isa = PBXVariantGroup;
			children = (
				F35BB6CF17685885009077D3 /* en */,
				EA28E8CE19A422E3004AAF81 /* nb */,
			);
			name = InfoPlist.strings;
			sourceTree = "<group>";
		};
		F35BB6DD17685885009077D3 /* MainStoryboard_iPhone.storyboard */ = {
			isa = PBXVariantGroup;
			children = (
				EA28E8CA19A422D9004AAF81 /* Base */,
				EA11337A19A65B54008D000A /* nb */,
			);
			name = MainStoryboard_iPhone.storyboard;
			sourceTree = "<group>";
		};
		F35BB6E017685885009077D3 /* MainStoryboard_iPad.storyboard */ = {
			isa = PBXVariantGroup;
			children = (
				EA28E8CB19A422D9004AAF81 /* Base */,
				EA11337C19A65B5F008D000A /* nb */,
			);
			name = MainStoryboard_iPad.storyboard;
			sourceTree = "<group>";
		};
/* End PBXVariantGroup section */

/* Begin XCBuildConfiguration section */
		F35BB6E617685885009077D3 /* Debug */ = {
			isa = XCBuildConfiguration;
			buildSettings = {
				ALWAYS_SEARCH_USER_PATHS = NO;
				CLANG_CXX_LANGUAGE_STANDARD = "gnu++0x";
				CLANG_CXX_LIBRARY = "libc++";
				CLANG_ENABLE_OBJC_ARC = YES;
				CLANG_WARN_CONSTANT_CONVERSION = YES;
				CLANG_WARN_EMPTY_BODY = YES;
				CLANG_WARN_ENUM_CONVERSION = YES;
				CLANG_WARN_INT_CONVERSION = YES;
				CLANG_WARN__DUPLICATE_METHOD_MATCH = YES;
				CODE_SIGN_IDENTITY = "iPhone Developer: Chris Searle (3QT967G4GA)";
				"CODE_SIGN_IDENTITY[sdk=iphoneos*]" = "iPhone Developer: Chris Searle (3QT967G4GA)";
				COPY_PHASE_STRIP = NO;
				EMS_RUN_CRASHLYTICS = 0;
				GCC_C_LANGUAGE_STANDARD = gnu99;
				GCC_DYNAMIC_NO_PIC = NO;
				GCC_OPTIMIZATION_LEVEL = 0;
				GCC_PREPROCESSOR_DEFINITIONS = (
					"DEBUG=1",
					"$(inherited)",
				);
				GCC_SYMBOLS_PRIVATE_EXTERN = NO;
				GCC_WARN_ABOUT_RETURN_TYPE = YES;
				GCC_WARN_UNINITIALIZED_AUTOS = YES;
				GCC_WARN_UNUSED_VARIABLE = YES;
				IPHONEOS_DEPLOYMENT_TARGET = 7.0;
				ONLY_ACTIVE_ARCH = YES;
				OTHER_CFLAGS = (
					"-DUSE_TEST_DATE=1",
					"-DTEST_PROD=1",
				);
				PROVISIONING_PROFILE = "924c7a4b-7da1-4a8b-b78d-ce79cf60157e";
				SDKROOT = iphoneos;
				TARGETED_DEVICE_FAMILY = "1,2";
			};
			name = Debug;
		};
		F35BB6E717685885009077D3 /* Release */ = {
			isa = XCBuildConfiguration;
			buildSettings = {
				ALWAYS_SEARCH_USER_PATHS = NO;
				CLANG_CXX_LANGUAGE_STANDARD = "gnu++0x";
				CLANG_CXX_LIBRARY = "libc++";
				CLANG_ENABLE_OBJC_ARC = YES;
				CLANG_WARN_CONSTANT_CONVERSION = YES;
				CLANG_WARN_EMPTY_BODY = YES;
				CLANG_WARN_ENUM_CONVERSION = YES;
				CLANG_WARN_INT_CONVERSION = YES;
				CLANG_WARN__DUPLICATE_METHOD_MATCH = YES;
				CODE_SIGN_IDENTITY = "iPhone Developer: Chris Searle (3QT967G4GA)";
				"CODE_SIGN_IDENTITY[sdk=iphoneos*]" = "iPhone Developer";
				COPY_PHASE_STRIP = YES;
				EMS_RUN_CRASHLYTICS = 1;
				GCC_C_LANGUAGE_STANDARD = gnu99;
				GCC_WARN_ABOUT_RETURN_TYPE = YES;
				GCC_WARN_UNINITIALIZED_AUTOS = YES;
				GCC_WARN_UNUSED_VARIABLE = YES;
				IPHONEOS_DEPLOYMENT_TARGET = 7.0;
				OTHER_CFLAGS = "-DNS_BLOCK_ASSERTIONS=1";
				PROVISIONING_PROFILE = "924c7a4b-7da1-4a8b-b78d-ce79cf60157e";
				SDKROOT = iphoneos;
				TARGETED_DEVICE_FAMILY = "1,2";
				VALIDATE_PRODUCT = YES;
			};
			name = Release;
		};
		F35BB6E917685885009077D3 /* Debug */ = {
			isa = XCBuildConfiguration;
			baseConfigurationReference = CDB1071E030B4C928D0D44D6 /* Pods.xcconfig */;
			buildSettings = {
				ASSETCATALOG_COMPILER_APPICON_NAME = "JavaZone - AppIcon";
				ASSETCATALOG_COMPILER_LAUNCHIMAGE_NAME = LaunchImage;
				CODE_SIGN_IDENTITY = "iPhone Developer: Chris Searle (3QT967G4GA)";
				"CODE_SIGN_IDENTITY[sdk=iphoneos*]" = "iPhone Developer: Chris Searle (3QT967G4GA)";
				CURRENT_PROJECT_VERSION = 20;
				FRAMEWORK_SEARCH_PATHS = (
					"$(inherited)",
					"\"$(SRCROOT)\"",
				);
				GCC_PRECOMPILE_PREFIX_HEADER = YES;
				GCC_PREFIX_HEADER = "EMS/EMS-Prefix.pch";
				INFOPLIST_FILE = "JavaZone/JavaZone-Info.plist";
				IPHONEOS_DEPLOYMENT_TARGET = 7.0;
				LIBRARY_SEARCH_PATHS = (
					"$(inherited)",
					"\"$(SRCROOT)\"",
				);
				ONLY_ACTIVE_ARCH = YES;
				PRODUCT_NAME = "$(TARGET_NAME)";
				PROVISIONING_PROFILE = "";
				VERSIONING_SYSTEM = "apple-generic";
				WRAPPER_EXTENSION = app;
			};
			name = Debug;
		};
		F35BB6EA17685885009077D3 /* Release */ = {
			isa = XCBuildConfiguration;
			baseConfigurationReference = CDB1071E030B4C928D0D44D6 /* Pods.xcconfig */;
			buildSettings = {
				ASSETCATALOG_COMPILER_APPICON_NAME = "JavaZone - AppIcon";
				ASSETCATALOG_COMPILER_LAUNCHIMAGE_NAME = LaunchImage;
				CODE_SIGN_IDENTITY = "iPhone Distribution: Chris Searle (EL8Z296J47)";
				"CODE_SIGN_IDENTITY[sdk=iphoneos*]" = "iPhone Distribution: Chris Searle (EL8Z296J47)";
				CURRENT_PROJECT_VERSION = 20;
				FRAMEWORK_SEARCH_PATHS = (
					"$(inherited)",
					"\"$(SRCROOT)\"",
				);
				GCC_PRECOMPILE_PREFIX_HEADER = YES;
				GCC_PREFIX_HEADER = "EMS/EMS-Prefix.pch";
				INFOPLIST_FILE = "JavaZone/JavaZone-Info.plist";
				IPHONEOS_DEPLOYMENT_TARGET = 7.0;
				LIBRARY_SEARCH_PATHS = (
					"$(inherited)",
					"\"$(SRCROOT)\"",
				);
				PRODUCT_NAME = "$(TARGET_NAME)";
				PROVISIONING_PROFILE = "";
				"PROVISIONING_PROFILE[sdk=iphoneos*]" = "60ef02e5-a467-46a3-93e1-c8d4bc777a9f";
				VERSIONING_SYSTEM = "apple-generic";
				WRAPPER_EXTENSION = app;
			};
			name = Release;
		};
		F394C9DB17F0173900FAFBD4 /* Debug */ = {
			isa = XCBuildConfiguration;
			baseConfigurationReference = CDB1071E030B4C928D0D44D6 /* Pods.xcconfig */;
			buildSettings = {
				ASSETCATALOG_COMPILER_APPICON_NAME = "flatMap - AppIcon";
				ASSETCATALOG_COMPILER_LAUNCHIMAGE_NAME = LaunchImage;
				CODE_SIGN_IDENTITY = "iPhone Developer";
				"CODE_SIGN_IDENTITY[sdk=iphoneos*]" = "iPhone Developer";
				CURRENT_PROJECT_VERSION = 20;
				FRAMEWORK_SEARCH_PATHS = (
					"$(inherited)",
					"\"$(SRCROOT)\"",
				);
				GCC_PRECOMPILE_PREFIX_HEADER = YES;
				GCC_PREFIX_HEADER = "EMS/EMS-Prefix.pch";
				INFOPLIST_FILE = "flatMap/flatMap-Info.plist";
				IPHONEOS_DEPLOYMENT_TARGET = 7.0;
				LIBRARY_SEARCH_PATHS = (
					"$(inherited)",
					"\"$(SRCROOT)\"",
				);
				ONLY_ACTIVE_ARCH = YES;
				PRODUCT_NAME = flatMap;
				PROVISIONING_PROFILE = "";
				VERSIONING_SYSTEM = "apple-generic";
				WRAPPER_EXTENSION = app;
			};
			name = Debug;
		};
		F394C9DD17F0173900FAFBD4 /* Release */ = {
			isa = XCBuildConfiguration;
			baseConfigurationReference = CDB1071E030B4C928D0D44D6 /* Pods.xcconfig */;
			buildSettings = {
				ASSETCATALOG_COMPILER_APPICON_NAME = "flatMap - AppIcon";
				ASSETCATALOG_COMPILER_LAUNCHIMAGE_NAME = LaunchImage;
				CODE_SIGN_IDENTITY = "iPhone Developer";
				"CODE_SIGN_IDENTITY[sdk=iphoneos*]" = "iPhone Developer";
				CURRENT_PROJECT_VERSION = 20;
				FRAMEWORK_SEARCH_PATHS = (
					"$(inherited)",
					"\"$(SRCROOT)\"",
				);
				GCC_PRECOMPILE_PREFIX_HEADER = YES;
				GCC_PREFIX_HEADER = "EMS/EMS-Prefix.pch";
				INFOPLIST_FILE = "flatMap/flatMap-Info.plist";
				IPHONEOS_DEPLOYMENT_TARGET = 7.0;
				LIBRARY_SEARCH_PATHS = (
					"$(inherited)",
					"\"$(SRCROOT)\"",
				);
				PRODUCT_NAME = flatMap;
				PROVISIONING_PROFILE = "";
				"PROVISIONING_PROFILE[sdk=iphoneos*]" = "0C88122F-AAA1-4104-952D-FFAA4290D539";
				VERSIONING_SYSTEM = "apple-generic";
				WRAPPER_EXTENSION = app;
			};
			name = Release;
		};
		F39861E819A1E621004DC41B /* Debug Run Crashlytics */ = {
			isa = XCBuildConfiguration;
			buildSettings = {
				ALWAYS_SEARCH_USER_PATHS = NO;
				CLANG_CXX_LANGUAGE_STANDARD = "gnu++0x";
				CLANG_CXX_LIBRARY = "libc++";
				CLANG_ENABLE_OBJC_ARC = YES;
				CLANG_WARN_CONSTANT_CONVERSION = YES;
				CLANG_WARN_EMPTY_BODY = YES;
				CLANG_WARN_ENUM_CONVERSION = YES;
				CLANG_WARN_INT_CONVERSION = YES;
				CLANG_WARN__DUPLICATE_METHOD_MATCH = YES;
				CODE_SIGN_IDENTITY = "iPhone Developer: Chris Searle (3QT967G4GA)";
				"CODE_SIGN_IDENTITY[sdk=iphoneos*]" = "iPhone Developer: Chris Searle (3QT967G4GA)";
				COPY_PHASE_STRIP = NO;
				EMS_RUN_CRASHLYTICS = 1;
				GCC_C_LANGUAGE_STANDARD = gnu99;
				GCC_DYNAMIC_NO_PIC = NO;
				GCC_OPTIMIZATION_LEVEL = 0;
				GCC_PREPROCESSOR_DEFINITIONS = (
					"DEBUG=1",
					"$(inherited)",
				);
				GCC_SYMBOLS_PRIVATE_EXTERN = NO;
				GCC_WARN_ABOUT_RETURN_TYPE = YES;
				GCC_WARN_UNINITIALIZED_AUTOS = YES;
				GCC_WARN_UNUSED_VARIABLE = YES;
				IPHONEOS_DEPLOYMENT_TARGET = 7.0;
				ONLY_ACTIVE_ARCH = YES;
				OTHER_CFLAGS = (
					"-DUSE_TEST_DATE=1",
					"-DTEST_PROD=1",
				);
				PROVISIONING_PROFILE = "924c7a4b-7da1-4a8b-b78d-ce79cf60157e";
				SDKROOT = iphoneos;
				TARGETED_DEVICE_FAMILY = "1,2";
			};
			name = "Debug Run Crashlytics";
		};
		F39861E919A1E621004DC41B /* Debug Run Crashlytics */ = {
			isa = XCBuildConfiguration;
			baseConfigurationReference = CDB1071E030B4C928D0D44D6 /* Pods.xcconfig */;
			buildSettings = {
				ASSETCATALOG_COMPILER_APPICON_NAME = "JavaZone - AppIcon";
				ASSETCATALOG_COMPILER_LAUNCHIMAGE_NAME = LaunchImage;
				CODE_SIGN_IDENTITY = "iPhone Developer: Chris Searle (3QT967G4GA)";
				"CODE_SIGN_IDENTITY[sdk=iphoneos*]" = "iPhone Developer";
				CURRENT_PROJECT_VERSION = 20;
				FRAMEWORK_SEARCH_PATHS = (
					"$(inherited)",
					"\"$(SRCROOT)\"",
				);
				GCC_PRECOMPILE_PREFIX_HEADER = YES;
				GCC_PREFIX_HEADER = "EMS/EMS-Prefix.pch";
				INFOPLIST_FILE = "JavaZone/JavaZone-Info.plist";
				IPHONEOS_DEPLOYMENT_TARGET = 7.0;
				LIBRARY_SEARCH_PATHS = (
					"$(inherited)",
					"\"$(SRCROOT)\"",
				);
				ONLY_ACTIVE_ARCH = YES;
				PRODUCT_NAME = "$(TARGET_NAME)";
				PROVISIONING_PROFILE = "";
				VERSIONING_SYSTEM = "apple-generic";
				WRAPPER_EXTENSION = app;
			};
			name = "Debug Run Crashlytics";
		};
		F39861EA19A1E621004DC41B /* Debug Run Crashlytics */ = {
			isa = XCBuildConfiguration;
			baseConfigurationReference = CDB1071E030B4C928D0D44D6 /* Pods.xcconfig */;
			buildSettings = {
				ASSETCATALOG_COMPILER_APPICON_NAME = "flatMap - AppIcon";
				ASSETCATALOG_COMPILER_LAUNCHIMAGE_NAME = LaunchImage;
				CODE_SIGN_IDENTITY = "iPhone Developer";
				"CODE_SIGN_IDENTITY[sdk=iphoneos*]" = "iPhone Developer";
				CURRENT_PROJECT_VERSION = 20;
				FRAMEWORK_SEARCH_PATHS = (
					"$(inherited)",
					"\"$(SRCROOT)\"",
				);
				GCC_PRECOMPILE_PREFIX_HEADER = YES;
				GCC_PREFIX_HEADER = "EMS/EMS-Prefix.pch";
				INFOPLIST_FILE = "flatMap/flatMap-Info.plist";
				IPHONEOS_DEPLOYMENT_TARGET = 7.0;
				LIBRARY_SEARCH_PATHS = (
					"$(inherited)",
					"\"$(SRCROOT)\"",
				);
				ONLY_ACTIVE_ARCH = YES;
				PRODUCT_NAME = flatMap;
				PROVISIONING_PROFILE = "";
				VERSIONING_SYSTEM = "apple-generic";
				WRAPPER_EXTENSION = app;
			};
			name = "Debug Run Crashlytics";
		};
/* End XCBuildConfiguration section */

/* Begin XCConfigurationList section */
		F35BB6BD17685885009077D3 /* Build configuration list for PBXProject "EMS" */ = {
			isa = XCConfigurationList;
			buildConfigurations = (
				F35BB6E617685885009077D3 /* Debug */,
				F39861E819A1E621004DC41B /* Debug Run Crashlytics */,
				F35BB6E717685885009077D3 /* Release */,
			);
			defaultConfigurationIsVisible = 0;
			defaultConfigurationName = Release;
		};
		F35BB6E817685885009077D3 /* Build configuration list for PBXNativeTarget "JavaZone" */ = {
			isa = XCConfigurationList;
			buildConfigurations = (
				F35BB6E917685885009077D3 /* Debug */,
				F39861E919A1E621004DC41B /* Debug Run Crashlytics */,
				F35BB6EA17685885009077D3 /* Release */,
			);
			defaultConfigurationIsVisible = 0;
			defaultConfigurationName = Release;
		};
		F394C9DA17F0173900FAFBD4 /* Build configuration list for PBXNativeTarget "flatMap" */ = {
			isa = XCConfigurationList;
			buildConfigurations = (
				F394C9DB17F0173900FAFBD4 /* Debug */,
				F39861EA19A1E621004DC41B /* Debug Run Crashlytics */,
				F394C9DD17F0173900FAFBD4 /* Release */,
			);
			defaultConfigurationIsVisible = 0;
			defaultConfigurationName = Release;
		};
/* End XCConfigurationList section */

/* Begin XCVersionGroup section */
		F3939E511768879C0078C709 /* EMSCoreDataModel.xcdatamodeld */ = {
			isa = XCVersionGroup;
			children = (
				1504124B19ABDCCE00051E04 /* EMSCoreDataModel 5.xcdatamodel */,
				F3AABDDD19AB1434003D1D1C /* EMSCoreDataModel 4.xcdatamodel */,
				15204C1D18DB82C40062874A /* EMSCoreDataModel 3.xcdatamodel */,
				F37A6ABD17B223390060634D /* EMSCoreDataModel 2.xcdatamodel */,
				F3939E521768879C0078C709 /* EMSCoreDataModel.xcdatamodel */,
			);
			currentVersion = 1504124B19ABDCCE00051E04 /* EMSCoreDataModel 5.xcdatamodel */;
			path = EMSCoreDataModel.xcdatamodeld;
			sourceTree = "<group>";
			versionGroupType = wrapper.xcdatamodel;
		};
/* End XCVersionGroup section */
	};
	rootObject = F35BB6BA17685885009077D3 /* Project object */;
}
